<?xml version="1.0" encoding="utf-8"?>
<Project ToolsVersion="17.0" xmlns="http://schemas.microsoft.com/developer/msbuild/2003">
  <ItemGroup>
    <ClCompile Include="Engine\ThirdParty\JoltPhysics\Jolt.dir\cmake_pch.cxx" />
    <ClCompile Include="Engine\ThirdParty\JoltPhysics\Jolt\AABBTree\AABBTreeBuilder.cpp" />
    <ClCompile Include="Engine\ThirdParty\JoltPhysics\Jolt\Core\Color.cpp" />
    <ClCompile Include="Engine\ThirdParty\JoltPhysics\Jolt\Core\Factory.cpp" />
    <ClCompile Include="Engine\ThirdParty\JoltPhysics\Jolt\Core\IssueReporting.cpp" />
    <ClCompile Include="Engine\ThirdParty\JoltPhysics\Jolt\Core\JobSystemSingleThreaded.cpp" />
    <ClCompile Include="Engine\ThirdParty\JoltPhysics\Jolt\Core\JobSystemThreadPool.cpp" />
    <ClCompile Include="Engine\ThirdParty\JoltPhysics\Jolt\Core\JobSystemWithBarrier.cpp" />
    <ClCompile Include="Engine\ThirdParty\JoltPhysics\Jolt\Core\LinearCurve.cpp" />
    <ClCompile Include="Engine\ThirdParty\JoltPhysics\Jolt\Core\Memory.cpp" />
    <ClCompile Include="Engine\ThirdParty\JoltPhysics\Jolt\Core\Profiler.cpp" />
    <ClCompile Include="Engine\ThirdParty\JoltPhysics\Jolt\Core\RTTI.cpp" />
    <ClCompile Include="Engine\ThirdParty\JoltPhysics\Jolt\Core\Semaphore.cpp" />
    <ClCompile Include="Engine\ThirdParty\JoltPhysics\Jolt\Core\StringTools.cpp" />
    <ClCompile Include="Engine\ThirdParty\JoltPhysics\Jolt\Core\TickCounter.cpp" />
    <ClCompile Include="Engine\ThirdParty\JoltPhysics\Jolt\Geometry\ConvexHullBuilder.cpp" />
    <ClCompile Include="Engine\ThirdParty\JoltPhysics\Jolt\Geometry\ConvexHullBuilder2D.cpp" />
    <ClCompile Include="Engine\ThirdParty\JoltPhysics\Jolt\Geometry\Indexify.cpp" />
    <ClCompile Include="Engine\ThirdParty\JoltPhysics\Jolt\Geometry\OrientedBox.cpp" />
    <ClCompile Include="Engine\ThirdParty\JoltPhysics\Jolt\Math\Vec3.cpp" />
    <ClCompile Include="Engine\ThirdParty\JoltPhysics\Jolt\ObjectStream\ObjectStream.cpp" />
    <ClCompile Include="Engine\ThirdParty\JoltPhysics\Jolt\ObjectStream\ObjectStreamBinaryIn.cpp" />
    <ClCompile Include="Engine\ThirdParty\JoltPhysics\Jolt\ObjectStream\ObjectStreamBinaryOut.cpp" />
    <ClCompile Include="Engine\ThirdParty\JoltPhysics\Jolt\ObjectStream\ObjectStreamIn.cpp" />
    <ClCompile Include="Engine\ThirdParty\JoltPhysics\Jolt\ObjectStream\ObjectStreamOut.cpp" />
    <ClCompile Include="Engine\ThirdParty\JoltPhysics\Jolt\ObjectStream\ObjectStreamTextIn.cpp" />
    <ClCompile Include="Engine\ThirdParty\JoltPhysics\Jolt\ObjectStream\ObjectStreamTextOut.cpp" />
    <ClCompile Include="Engine\ThirdParty\JoltPhysics\Jolt\ObjectStream\SerializableObject.cpp" />
    <ClCompile Include="Engine\ThirdParty\JoltPhysics\Jolt\ObjectStream\TypeDeclarations.cpp" />
    <ClCompile Include="Engine\ThirdParty\JoltPhysics\Jolt\Physics\Body\Body.cpp" />
    <ClCompile Include="Engine\ThirdParty\JoltPhysics\Jolt\Physics\Body\BodyAccess.cpp" />
    <ClCompile Include="Engine\ThirdParty\JoltPhysics\Jolt\Physics\Body\BodyCreationSettings.cpp" />
    <ClCompile Include="Engine\ThirdParty\JoltPhysics\Jolt\Physics\Body\BodyInterface.cpp" />
    <ClCompile Include="Engine\ThirdParty\JoltPhysics\Jolt\Physics\Body\BodyManager.cpp" />
    <ClCompile Include="Engine\ThirdParty\JoltPhysics\Jolt\Physics\Body\MassProperties.cpp" />
    <ClCompile Include="Engine\ThirdParty\JoltPhysics\Jolt\Physics\Body\MotionProperties.cpp" />
    <ClCompile Include="Engine\ThirdParty\JoltPhysics\Jolt\Physics\Character\Character.cpp" />
    <ClCompile Include="Engine\ThirdParty\JoltPhysics\Jolt\Physics\Character\CharacterBase.cpp" />
    <ClCompile Include="Engine\ThirdParty\JoltPhysics\Jolt\Physics\Character\CharacterVirtual.cpp" />
    <ClCompile Include="Engine\ThirdParty\JoltPhysics\Jolt\Physics\Collision\BroadPhase\BroadPhase.cpp" />
    <ClCompile Include="Engine\ThirdParty\JoltPhysics\Jolt\Physics\Collision\BroadPhase\BroadPhaseBruteForce.cpp" />
    <ClCompile Include="Engine\ThirdParty\JoltPhysics\Jolt\Physics\Collision\BroadPhase\BroadPhaseQuadTree.cpp" />
    <ClCompile Include="Engine\ThirdParty\JoltPhysics\Jolt\Physics\Collision\BroadPhase\QuadTree.cpp" />
    <ClCompile Include="Engine\ThirdParty\JoltPhysics\Jolt\Physics\Collision\CastConvexVsTriangles.cpp" />
    <ClCompile Include="Engine\ThirdParty\JoltPhysics\Jolt\Physics\Collision\CastSphereVsTriangles.cpp" />
    <ClCompile Include="Engine\ThirdParty\JoltPhysics\Jolt\Physics\Collision\CollideConvexVsTriangles.cpp" />
    <ClCompile Include="Engine\ThirdParty\JoltPhysics\Jolt\Physics\Collision\CollideSphereVsTriangles.cpp" />
    <ClCompile Include="Engine\ThirdParty\JoltPhysics\Jolt\Physics\Collision\CollisionDispatch.cpp" />
    <ClCompile Include="Engine\ThirdParty\JoltPhysics\Jolt\Physics\Collision\CollisionGroup.cpp" />
    <ClCompile Include="Engine\ThirdParty\JoltPhysics\Jolt\Physics\Collision\EstimateCollisionResponse.cpp" />
    <ClCompile Include="Engine\ThirdParty\JoltPhysics\Jolt\Physics\Collision\GroupFilter.cpp" />
    <ClCompile Include="Engine\ThirdParty\JoltPhysics\Jolt\Physics\Collision\GroupFilterTable.cpp" />
    <ClCompile Include="Engine\ThirdParty\JoltPhysics\Jolt\Physics\Collision\ManifoldBetweenTwoFaces.cpp" />
    <ClCompile Include="Engine\ThirdParty\JoltPhysics\Jolt\Physics\Collision\NarrowPhaseQuery.cpp" />
    <ClCompile Include="Engine\ThirdParty\JoltPhysics\Jolt\Physics\Collision\NarrowPhaseStats.cpp" />
    <ClCompile Include="Engine\ThirdParty\JoltPhysics\Jolt\Physics\Collision\PhysicsMaterial.cpp" />
    <ClCompile Include="Engine\ThirdParty\JoltPhysics\Jolt\Physics\Collision\PhysicsMaterialSimple.cpp" />
    <ClCompile Include="Engine\ThirdParty\JoltPhysics\Jolt\Physics\Collision\Shape\BoxShape.cpp" />
    <ClCompile Include="Engine\ThirdParty\JoltPhysics\Jolt\Physics\Collision\Shape\CapsuleShape.cpp" />
    <ClCompile Include="Engine\ThirdParty\JoltPhysics\Jolt\Physics\Collision\Shape\CompoundShape.cpp" />
    <ClCompile Include="Engine\ThirdParty\JoltPhysics\Jolt\Physics\Collision\Shape\ConvexHullShape.cpp" />
    <ClCompile Include="Engine\ThirdParty\JoltPhysics\Jolt\Physics\Collision\Shape\ConvexShape.cpp" />
    <ClCompile Include="Engine\ThirdParty\JoltPhysics\Jolt\Physics\Collision\Shape\CylinderShape.cpp" />
    <ClCompile Include="Engine\ThirdParty\JoltPhysics\Jolt\Physics\Collision\Shape\DecoratedShape.cpp" />
    <ClCompile Include="Engine\ThirdParty\JoltPhysics\Jolt\Physics\Collision\Shape\HeightFieldShape.cpp" />
    <ClCompile Include="Engine\ThirdParty\JoltPhysics\Jolt\Physics\Collision\Shape\MeshShape.cpp" />
    <ClCompile Include="Engine\ThirdParty\JoltPhysics\Jolt\Physics\Collision\Shape\MutableCompoundShape.cpp" />
    <ClCompile Include="Engine\ThirdParty\JoltPhysics\Jolt\Physics\Collision\Shape\OffsetCenterOfMassShape.cpp" />
    <ClCompile Include="Engine\ThirdParty\JoltPhysics\Jolt\Physics\Collision\Shape\RotatedTranslatedShape.cpp" />
    <ClCompile Include="Engine\ThirdParty\JoltPhysics\Jolt\Physics\Collision\Shape\ScaledShape.cpp" />
    <ClCompile Include="Engine\ThirdParty\JoltPhysics\Jolt\Physics\Collision\Shape\Shape.cpp" />
    <ClCompile Include="Engine\ThirdParty\JoltPhysics\Jolt\Physics\Collision\Shape\SphereShape.cpp" />
    <ClCompile Include="Engine\ThirdParty\JoltPhysics\Jolt\Physics\Collision\Shape\StaticCompoundShape.cpp" />
    <ClCompile Include="Engine\ThirdParty\JoltPhysics\Jolt\Physics\Collision\Shape\TaperedCapsuleShape.cpp" />
    <ClCompile Include="Engine\ThirdParty\JoltPhysics\Jolt\Physics\Collision\Shape\TriangleShape.cpp" />
    <ClCompile Include="Engine\ThirdParty\JoltPhysics\Jolt\Physics\Collision\TransformedShape.cpp" />
    <ClCompile Include="Engine\ThirdParty\JoltPhysics\Jolt\Physics\Constraints\ConeConstraint.cpp" />
    <ClCompile Include="Engine\ThirdParty\JoltPhysics\Jolt\Physics\Constraints\Constraint.cpp" />
    <ClCompile Include="Engine\ThirdParty\JoltPhysics\Jolt\Physics\Constraints\ConstraintManager.cpp" />
    <ClCompile Include="Engine\ThirdParty\JoltPhysics\Jolt\Physics\Constraints\ContactConstraintManager.cpp" />
    <ClCompile Include="Engine\ThirdParty\JoltPhysics\Jolt\Physics\Constraints\DistanceConstraint.cpp" />
    <ClCompile Include="Engine\ThirdParty\JoltPhysics\Jolt\Physics\Constraints\FixedConstraint.cpp" />
    <ClCompile Include="Engine\ThirdParty\JoltPhysics\Jolt\Physics\Constraints\GearConstraint.cpp" />
    <ClCompile Include="Engine\ThirdParty\JoltPhysics\Jolt\Physics\Constraints\HingeConstraint.cpp" />
    <ClCompile Include="Engine\ThirdParty\JoltPhysics\Jolt\Physics\Constraints\MotorSettings.cpp" />
    <ClCompile Include="Engine\ThirdParty\JoltPhysics\Jolt\Physics\Constraints\PathConstraint.cpp" />
    <ClCompile Include="Engine\ThirdParty\JoltPhysics\Jolt\Physics\Constraints\PathConstraintPath.cpp" />
    <ClCompile Include="Engine\ThirdParty\JoltPhysics\Jolt\Physics\Constraints\PathConstraintPathHermite.cpp" />
    <ClCompile Include="Engine\ThirdParty\JoltPhysics\Jolt\Physics\Constraints\PointConstraint.cpp" />
    <ClCompile Include="Engine\ThirdParty\JoltPhysics\Jolt\Physics\Constraints\PulleyConstraint.cpp" />
    <ClCompile Include="Engine\ThirdParty\JoltPhysics\Jolt\Physics\Constraints\RackAndPinionConstraint.cpp" />
    <ClCompile Include="Engine\ThirdParty\JoltPhysics\Jolt\Physics\Constraints\SixDOFConstraint.cpp" />
    <ClCompile Include="Engine\ThirdParty\JoltPhysics\Jolt\Physics\Constraints\SliderConstraint.cpp" />
    <ClCompile Include="Engine\ThirdParty\JoltPhysics\Jolt\Physics\Constraints\SpringSettings.cpp" />
    <ClCompile Include="Engine\ThirdParty\JoltPhysics\Jolt\Physics\Constraints\SwingTwistConstraint.cpp" />
    <ClCompile Include="Engine\ThirdParty\JoltPhysics\Jolt\Physics\Constraints\TwoBodyConstraint.cpp" />
    <ClCompile Include="Engine\ThirdParty\JoltPhysics\Jolt\Physics\DeterminismLog.cpp" />
    <ClCompile Include="Engine\ThirdParty\JoltPhysics\Jolt\Physics\IslandBuilder.cpp" />
    <ClCompile Include="Engine\ThirdParty\JoltPhysics\Jolt\Physics\LargeIslandSplitter.cpp" />
    <ClCompile Include="Engine\ThirdParty\JoltPhysics\Jolt\Physics\PhysicsLock.cpp" />
    <ClCompile Include="Engine\ThirdParty\JoltPhysics\Jolt\Physics\PhysicsScene.cpp" />
    <ClCompile Include="Engine\ThirdParty\JoltPhysics\Jolt\Physics\PhysicsSystem.cpp" />
    <ClCompile Include="Engine\ThirdParty\JoltPhysics\Jolt\Physics\PhysicsUpdateContext.cpp" />
    <ClCompile Include="Engine\ThirdParty\JoltPhysics\Jolt\Physics\Ragdoll\Ragdoll.cpp" />
    <ClCompile Include="Engine\ThirdParty\JoltPhysics\Jolt\Physics\SoftBody\SoftBodyCreationSettings.cpp" />
    <ClCompile Include="Engine\ThirdParty\JoltPhysics\Jolt\Physics\SoftBody\SoftBodyMotionProperties.cpp" />
    <ClCompile Include="Engine\ThirdParty\JoltPhysics\Jolt\Physics\SoftBody\SoftBodyShape.cpp" />
    <ClCompile Include="Engine\ThirdParty\JoltPhysics\Jolt\Physics\SoftBody\SoftBodySharedSettings.cpp" />
    <ClCompile Include="Engine\ThirdParty\JoltPhysics\Jolt\Physics\StateRecorderImpl.cpp" />
    <ClCompile Include="Engine\ThirdParty\JoltPhysics\Jolt\Physics\Vehicle\MotorcycleController.cpp" />
    <ClCompile Include="Engine\ThirdParty\JoltPhysics\Jolt\Physics\Vehicle\TrackedVehicleController.cpp" />
    <ClCompile Include="Engine\ThirdParty\JoltPhysics\Jolt\Physics\Vehicle\VehicleAntiRollBar.cpp" />
    <ClCompile Include="Engine\ThirdParty\JoltPhysics\Jolt\Physics\Vehicle\VehicleCollisionTester.cpp" />
    <ClCompile Include="Engine\ThirdParty\JoltPhysics\Jolt\Physics\Vehicle\VehicleConstraint.cpp" />
    <ClCompile Include="Engine\ThirdParty\JoltPhysics\Jolt\Physics\Vehicle\VehicleController.cpp" />
    <ClCompile Include="Engine\ThirdParty\JoltPhysics\Jolt\Physics\Vehicle\VehicleDifferential.cpp" />
    <ClCompile Include="Engine\ThirdParty\JoltPhysics\Jolt\Physics\Vehicle\VehicleEngine.cpp" />
    <ClCompile Include="Engine\ThirdParty\JoltPhysics\Jolt\Physics\Vehicle\VehicleTrack.cpp" />
    <ClCompile Include="Engine\ThirdParty\JoltPhysics\Jolt\Physics\Vehicle\VehicleTransmission.cpp" />
    <ClCompile Include="Engine\ThirdParty\JoltPhysics\Jolt\Physics\Vehicle\Wheel.cpp" />
    <ClCompile Include="Engine\ThirdParty\JoltPhysics\Jolt\Physics\Vehicle\WheeledVehicleController.cpp" />
    <ClCompile Include="Engine\ThirdParty\JoltPhysics\Jolt\RegisterTypes.cpp" />
    <ClCompile Include="Engine\ThirdParty\JoltPhysics\Jolt\Renderer\DebugRenderer.cpp" />
    <ClCompile Include="Engine\ThirdParty\JoltPhysics\Jolt\Renderer\DebugRendererPlayback.cpp" />
    <ClCompile Include="Engine\ThirdParty\JoltPhysics\Jolt\Renderer\DebugRendererRecorder.cpp" />
    <ClCompile Include="Engine\ThirdParty\JoltPhysics\Jolt\Skeleton\SkeletalAnimation.cpp" />
    <ClCompile Include="Engine\ThirdParty\JoltPhysics\Jolt\Skeleton\Skeleton.cpp" />
    <ClCompile Include="Engine\ThirdParty\JoltPhysics\Jolt\Skeleton\SkeletonMapper.cpp" />
    <ClCompile Include="Engine\ThirdParty\JoltPhysics\Jolt\Skeleton\SkeletonPose.cpp" />
    <ClCompile Include="Engine\ThirdParty\JoltPhysics\Jolt\TriangleGrouper\TriangleGrouperClosestCentroid.cpp" />
    <ClCompile Include="Engine\ThirdParty\JoltPhysics\Jolt\TriangleGrouper\TriangleGrouperMorton.cpp" />
    <ClCompile Include="Engine\ThirdParty\JoltPhysics\Jolt\TriangleSplitter\TriangleSplitter.cpp" />
    <ClCompile Include="Engine\ThirdParty\JoltPhysics\Jolt\TriangleSplitter\TriangleSplitterBinning.cpp" />
    <ClCompile Include="Engine\ThirdParty\JoltPhysics\Jolt\TriangleSplitter\TriangleSplitterFixedLeafSize.cpp" />
    <ClCompile Include="Engine\ThirdParty\JoltPhysics\Jolt\TriangleSplitter\TriangleSplitterLongestAxis.cpp" />
    <ClCompile Include="Engine\ThirdParty\JoltPhysics\Jolt\TriangleSplitter\TriangleSplitterMean.cpp" />
    <ClCompile Include="Engine\ThirdParty\JoltPhysics\Jolt\TriangleSplitter\TriangleSplitterMorton.cpp" />
  </ItemGroup>
  <ItemGroup>
    <ClInclude Include="Engine\ThirdParty\JoltPhysics\Jolt\AABBTree\AABBTreeBuilder.h" />
    <ClInclude Include="Engine\ThirdParty\JoltPhysics\Jolt\AABBTree\AABBTreeToBuffer.h" />
    <ClInclude Include="Engine\ThirdParty\JoltPhysics\Jolt\AABBTree\NodeCodec\NodeCodecQuadTreeHalfFloat.h" />
    <ClInclude Include="Engine\ThirdParty\JoltPhysics\Jolt\AABBTree\TriangleCodec\TriangleCodecIndexed8BitPackSOA4Flags.h" />
    <ClInclude Include="Engine\ThirdParty\JoltPhysics\Jolt\Core\ARMNeon.h" />
    <ClInclude Include="Engine\ThirdParty\JoltPhysics\Jolt\Core\Atomics.h" />
    <ClInclude Include="Engine\ThirdParty\JoltPhysics\Jolt\Core\ByteBuffer.h" />
    <ClInclude Include="Engine\ThirdParty\JoltPhysics\Jolt\Core\Color.h" />
    <ClInclude Include="Engine\ThirdParty\JoltPhysics\Jolt\Core\Core.h" />
    <ClInclude Include="Engine\ThirdParty\JoltPhysics\Jolt\Core\Factory.h" />
    <ClInclude Include="Engine\ThirdParty\JoltPhysics\Jolt\Core\FixedSizeFreeList.h" />
    <ClInclude Include="Engine\ThirdParty\JoltPhysics\Jolt\Core\FixedSizeFreeList.inl" />
    <ClInclude Include="Engine\ThirdParty\JoltPhysics\Jolt\Core\FPControlWord.h" />
    <ClInclude Include="Engine\ThirdParty\JoltPhysics\Jolt\Core\FPException.h" />
    <ClInclude Include="Engine\ThirdParty\JoltPhysics\Jolt\Core\FPFlushDenormals.h" />
    <ClInclude Include="Engine\ThirdParty\JoltPhysics\Jolt\Core\HashCombine.h" />
    <ClInclude Include="Engine\ThirdParty\JoltPhysics\Jolt\Core\InsertionSort.h" />
    <ClInclude Include="Engine\ThirdParty\JoltPhysics\Jolt\Core\IssueReporting.h" />
    <ClInclude Include="Engine\ThirdParty\JoltPhysics\Jolt\Core\JobSystem.h" />
    <ClInclude Include="Engine\ThirdParty\JoltPhysics\Jolt\Core\JobSystem.inl" />
    <ClInclude Include="Engine\ThirdParty\JoltPhysics\Jolt\Core\JobSystemSingleThreaded.h" />
    <ClInclude Include="Engine\ThirdParty\JoltPhysics\Jolt\Core\JobSystemThreadPool.h" />
    <ClInclude Include="Engine\ThirdParty\JoltPhysics\Jolt\Core\JobSystemWithBarrier.h" />
    <ClInclude Include="Engine\ThirdParty\JoltPhysics\Jolt\Core\LinearCurve.h" />
    <ClInclude Include="Engine\ThirdParty\JoltPhysics\Jolt\Core\LockFreeHashMap.h" />
    <ClInclude Include="Engine\ThirdParty\JoltPhysics\Jolt\Core\LockFreeHashMap.inl" />
    <ClInclude Include="Engine\ThirdParty\JoltPhysics\Jolt\Core\Memory.h" />
    <ClInclude Include="Engine\ThirdParty\JoltPhysics\Jolt\Core\Mutex.h" />
    <ClInclude Include="Engine\ThirdParty\JoltPhysics\Jolt\Core\MutexArray.h" />
    <ClInclude Include="Engine\ThirdParty\JoltPhysics\Jolt\Core\NonCopyable.h" />
    <ClInclude Include="Engine\ThirdParty\JoltPhysics\Jolt\Core\Profiler.h" />
    <ClInclude Include="Engine\ThirdParty\JoltPhysics\Jolt\Core\Profiler.inl" />
    <ClInclude Include="Engine\ThirdParty\JoltPhysics\Jolt\Core\QuickSort.h" />
    <ClInclude Include="Engine\ThirdParty\JoltPhysics\Jolt\Core\Reference.h" />
    <ClInclude Include="Engine\ThirdParty\JoltPhysics\Jolt\Core\Result.h" />
    <ClInclude Include="Engine\ThirdParty\JoltPhysics\Jolt\Core\RTTI.h" />
    <ClInclude Include="Engine\ThirdParty\JoltPhysics\Jolt\Core\Semaphore.h" />
    <ClInclude Include="Engine\ThirdParty\JoltPhysics\Jolt\Core\StaticArray.h" />
    <ClInclude Include="Engine\ThirdParty\JoltPhysics\Jolt\Core\StreamIn.h" />
    <ClInclude Include="Engine\ThirdParty\JoltPhysics\Jolt\Core\StreamOut.h" />
    <ClInclude Include="Engine\ThirdParty\JoltPhysics\Jolt\Core\StreamUtils.h" />
    <ClInclude Include="Engine\ThirdParty\JoltPhysics\Jolt\Core\StreamWrapper.h" />
    <ClInclude Include="Engine\ThirdParty\JoltPhysics\Jolt\Core\StringTools.h" />
    <ClInclude Include="Engine\ThirdParty\JoltPhysics\Jolt\Core\STLAlignedAllocator.h" />
    <ClInclude Include="Engine\ThirdParty\JoltPhysics\Jolt\Core\STLAllocator.h" />
    <ClInclude Include="Engine\ThirdParty\JoltPhysics\Jolt\Core\STLTempAllocator.h" />
    <ClInclude Include="Engine\ThirdParty\JoltPhysics\Jolt\Core\TempAllocator.h" />
    <ClInclude Include="Engine\ThirdParty\JoltPhysics\Jolt\Core\TickCounter.h" />
    <ClInclude Include="Engine\ThirdParty\JoltPhysics\Jolt\Core\UnorderedMap.h" />
    <ClInclude Include="Engine\ThirdParty\JoltPhysics\Jolt\Core\UnorderedSet.h" />
    <ClInclude Include="Engine\ThirdParty\JoltPhysics\Jolt\Geometry\AABox.h" />
    <ClInclude Include="Engine\ThirdParty\JoltPhysics\Jolt\Geometry\AABox4.h" />
    <ClInclude Include="Engine\ThirdParty\JoltPhysics\Jolt\Geometry\ClipPoly.h" />
    <ClInclude Include="Engine\ThirdParty\JoltPhysics\Jolt\Geometry\ClosestPoint.h" />
    <ClInclude Include="Engine\ThirdParty\JoltPhysics\Jolt\Geometry\ConvexHullBuilder.h" />
    <ClInclude Include="Engine\ThirdParty\JoltPhysics\Jolt\Geometry\ConvexHullBuilder2D.h" />
    <ClInclude Include="Engine\ThirdParty\JoltPhysics\Jolt\Geometry\ConvexSupport.h" />
    <ClInclude Include="Engine\ThirdParty\JoltPhysics\Jolt\Geometry\Ellipse.h" />
    <ClInclude Include="Engine\ThirdParty\JoltPhysics\Jolt\Geometry\EPAConvexHullBuilder.h" />
    <ClInclude Include="Engine\ThirdParty\JoltPhysics\Jolt\Geometry\EPAPenetrationDepth.h" />
    <ClInclude Include="Engine\ThirdParty\JoltPhysics\Jolt\Geometry\GJKClosestPoint.h" />
    <ClInclude Include="Engine\ThirdParty\JoltPhysics\Jolt\Geometry\IndexedTriangle.h" />
    <ClInclude Include="Engine\ThirdParty\JoltPhysics\Jolt\Geometry\Indexify.h" />
    <ClInclude Include="Engine\ThirdParty\JoltPhysics\Jolt\Geometry\MortonCode.h" />
    <ClInclude Include="Engine\ThirdParty\JoltPhysics\Jolt\Geometry\OrientedBox.h" />
    <ClInclude Include="Engine\ThirdParty\JoltPhysics\Jolt\Geometry\Plane.h" />
    <ClInclude Include="Engine\ThirdParty\JoltPhysics\Jolt\Geometry\RayAABox.h" />
    <ClInclude Include="Engine\ThirdParty\JoltPhysics\Jolt\Geometry\RayAABox8.h" />
    <ClInclude Include="Engine\ThirdParty\JoltPhysics\Jolt\Geometry\RayCapsule.h" />
    <ClInclude Include="Engine\ThirdParty\JoltPhysics\Jolt\Geometry\RayCylinder.h" />
    <ClInclude Include="Engine\ThirdParty\JoltPhysics\Jolt\Geometry\RaySphere.h" />
    <ClInclude Include="Engine\ThirdParty\JoltPhysics\Jolt\Geometry\RayTriangle.h" />
    <ClInclude Include="Engine\ThirdParty\JoltPhysics\Jolt\Geometry\RayTriangle8.h" />
    <ClInclude Include="Engine\ThirdParty\JoltPhysics\Jolt\Geometry\Sphere.h" />
    <ClInclude Include="Engine\ThirdParty\JoltPhysics\Jolt\Geometry\Triangle.h" />
    <ClInclude Include="Engine\ThirdParty\JoltPhysics\Jolt\Jolt.h" />
    <ClInclude Include="Engine\ThirdParty\JoltPhysics\Jolt\Math\DMat44.h" />
    <ClInclude Include="Engine\ThirdParty\JoltPhysics\Jolt\Math\DMat44.inl" />
    <ClInclude Include="Engine\ThirdParty\JoltPhysics\Jolt\Math\Double3.h" />
    <ClInclude Include="Engine\ThirdParty\JoltPhysics\Jolt\Math\DVec3.h" />
    <ClInclude Include="Engine\ThirdParty\JoltPhysics\Jolt\Math\DVec3.inl" />
    <ClInclude Include="Engine\ThirdParty\JoltPhysics\Jolt\Math\DynMatrix.h" />
    <ClInclude Include="Engine\ThirdParty\JoltPhysics\Jolt\Math\EigenValueSymmetric.h" />
    <ClInclude Include="Engine\ThirdParty\JoltPhysics\Jolt\Math\FindRoot.h" />
    <ClInclude Include="Engine\ThirdParty\JoltPhysics\Jolt\Math\Float2.h" />
    <ClInclude Include="Engine\ThirdParty\JoltPhysics\Jolt\Math\Float3.h" />
    <ClInclude Include="Engine\ThirdParty\JoltPhysics\Jolt\Math\Float4.h" />
    <ClInclude Include="Engine\ThirdParty\JoltPhysics\Jolt\Math\GaussianElimination.h" />
    <ClInclude Include="Engine\ThirdParty\JoltPhysics\Jolt\Math\HalfFloat.h" />
    <ClInclude Include="Engine\ThirdParty\JoltPhysics\Jolt\Math\Mat44.h" />
    <ClInclude Include="Engine\ThirdParty\JoltPhysics\Jolt\Math\Mat44.inl" />
    <ClInclude Include="Engine\ThirdParty\JoltPhysics\Jolt\Math\Math.h" />
    <ClInclude Include="Engine\ThirdParty\JoltPhysics\Jolt\Math\MathTypes.h" />
    <ClInclude Include="Engine\ThirdParty\JoltPhysics\Jolt\Math\Matrix.h" />
    <ClInclude Include="Engine\ThirdParty\JoltPhysics\Jolt\Math\Quat.h" />
    <ClInclude Include="Engine\ThirdParty\JoltPhysics\Jolt\Math\Quat.inl" />
    <ClInclude Include="Engine\ThirdParty\JoltPhysics\Jolt\Math\Real.h" />
    <ClInclude Include="Engine\ThirdParty\JoltPhysics\Jolt\Math\Swizzle.h" />
    <ClInclude Include="Engine\ThirdParty\JoltPhysics\Jolt\Math\Trigonometry.h" />
    <ClInclude Include="Engine\ThirdParty\JoltPhysics\Jolt\Math\UVec4.h" />
    <ClInclude Include="Engine\ThirdParty\JoltPhysics\Jolt\Math\UVec4.inl" />
    <ClInclude Include="Engine\ThirdParty\JoltPhysics\Jolt\Math\UVec8.h" />
    <ClInclude Include="Engine\ThirdParty\JoltPhysics\Jolt\Math\UVec8.inl" />
    <ClInclude Include="Engine\ThirdParty\JoltPhysics\Jolt\Math\Vec3.h" />
    <ClInclude Include="Engine\ThirdParty\JoltPhysics\Jolt\Math\Vec3.inl" />
    <ClInclude Include="Engine\ThirdParty\JoltPhysics\Jolt\Math\Vec4.h" />
    <ClInclude Include="Engine\ThirdParty\JoltPhysics\Jolt\Math\Vec4.inl" />
    <ClInclude Include="Engine\ThirdParty\JoltPhysics\Jolt\Math\Vec8.h" />
    <ClInclude Include="Engine\ThirdParty\JoltPhysics\Jolt\Math\Vec8.inl" />
    <ClInclude Include="Engine\ThirdParty\JoltPhysics\Jolt\Math\Vector.h" />
    <ClInclude Include="Engine\ThirdParty\JoltPhysics\Jolt\ObjectStream\GetPrimitiveTypeOfType.h" />
    <ClInclude Include="Engine\ThirdParty\JoltPhysics\Jolt\ObjectStream\ObjectStream.h" />
    <ClInclude Include="Engine\ThirdParty\JoltPhysics\Jolt\ObjectStream\ObjectStreamBinaryIn.h" />
    <ClInclude Include="Engine\ThirdParty\JoltPhysics\Jolt\ObjectStream\ObjectStreamBinaryOut.h" />
    <ClInclude Include="Engine\ThirdParty\JoltPhysics\Jolt\ObjectStream\ObjectStreamIn.h" />
    <ClInclude Include="Engine\ThirdParty\JoltPhysics\Jolt\ObjectStream\ObjectStreamOut.h" />
    <ClInclude Include="Engine\ThirdParty\JoltPhysics\Jolt\ObjectStream\ObjectStreamTextIn.h" />
    <ClInclude Include="Engine\ThirdParty\JoltPhysics\Jolt\ObjectStream\ObjectStreamTextOut.h" />
    <ClInclude Include="Engine\ThirdParty\JoltPhysics\Jolt\ObjectStream\ObjectStreamTypes.h" />
    <ClInclude Include="Engine\ThirdParty\JoltPhysics\Jolt\ObjectStream\SerializableAttribute.h" />
    <ClInclude Include="Engine\ThirdParty\JoltPhysics\Jolt\ObjectStream\SerializableAttributeEnum.h" />
    <ClInclude Include="Engine\ThirdParty\JoltPhysics\Jolt\ObjectStream\SerializableAttributeTyped.h" />
    <ClInclude Include="Engine\ThirdParty\JoltPhysics\Jolt\ObjectStream\SerializableObject.h" />
    <ClInclude Include="Engine\ThirdParty\JoltPhysics\Jolt\ObjectStream\TypeDeclarations.h" />
    <ClInclude Include="Engine\ThirdParty\JoltPhysics\Jolt\Physics\Body\AllowedDOFs.h" />
    <ClInclude Include="Engine\ThirdParty\JoltPhysics\Jolt\Physics\Body\Body.h" />
    <ClInclude Include="Engine\ThirdParty\JoltPhysics\Jolt\Physics\Body\Body.inl" />
    <ClInclude Include="Engine\ThirdParty\JoltPhysics\Jolt\Physics\Body\BodyAccess.h" />
    <ClInclude Include="Engine\ThirdParty\JoltPhysics\Jolt\Physics\Body\BodyActivationListener.h" />
    <ClInclude Include="Engine\ThirdParty\JoltPhysics\Jolt\Physics\Body\BodyCreationSettings.h" />
    <ClInclude Include="Engine\ThirdParty\JoltPhysics\Jolt\Physics\Body\BodyFilter.h" />
    <ClInclude Include="Engine\ThirdParty\JoltPhysics\Jolt\Physics\Body\BodyID.h" />
    <ClInclude Include="Engine\ThirdParty\JoltPhysics\Jolt\Physics\Body\BodyInterface.h" />
    <ClInclude Include="Engine\ThirdParty\JoltPhysics\Jolt\Physics\Body\BodyLock.h" />
    <ClInclude Include="Engine\ThirdParty\JoltPhysics\Jolt\Physics\Body\BodyLockInterface.h" />
    <ClInclude Include="Engine\ThirdParty\JoltPhysics\Jolt\Physics\Body\BodyLockMulti.h" />
    <ClInclude Include="Engine\ThirdParty\JoltPhysics\Jolt\Physics\Body\BodyManager.h" />
    <ClInclude Include="Engine\ThirdParty\JoltPhysics\Jolt\Physics\Body\BodyPair.h" />
    <ClInclude Include="Engine\ThirdParty\JoltPhysics\Jolt\Physics\Body\BodyType.h" />
    <ClInclude Include="Engine\ThirdParty\JoltPhysics\Jolt\Physics\Body\MassProperties.h" />
    <ClInclude Include="Engine\ThirdParty\JoltPhysics\Jolt\Physics\Body\MotionProperties.h" />
    <ClInclude Include="Engine\ThirdParty\JoltPhysics\Jolt\Physics\Body\MotionProperties.inl" />
    <ClInclude Include="Engine\ThirdParty\JoltPhysics\Jolt\Physics\Body\MotionQuality.h" />
    <ClInclude Include="Engine\ThirdParty\JoltPhysics\Jolt\Physics\Body\MotionType.h" />
    <ClInclude Include="Engine\ThirdParty\JoltPhysics\Jolt\Physics\Character\Character.h" />
    <ClInclude Include="Engine\ThirdParty\JoltPhysics\Jolt\Physics\Character\CharacterBase.h" />
    <ClInclude Include="Engine\ThirdParty\JoltPhysics\Jolt\Physics\Character\CharacterVirtual.h" />
    <ClInclude Include="Engine\ThirdParty\JoltPhysics\Jolt\Physics\Collision\AABoxCast.h" />
    <ClInclude Include="Engine\ThirdParty\JoltPhysics\Jolt\Physics\Collision\ActiveEdgeMode.h" />
    <ClInclude Include="Engine\ThirdParty\JoltPhysics\Jolt\Physics\Collision\ActiveEdges.h" />
    <ClInclude Include="Engine\ThirdParty\JoltPhysics\Jolt\Physics\Collision\BackFaceMode.h" />
    <ClInclude Include="Engine\ThirdParty\JoltPhysics\Jolt\Physics\Collision\BroadPhase\BroadPhase.h" />
    <ClInclude Include="Engine\ThirdParty\JoltPhysics\Jolt\Physics\Collision\BroadPhase\BroadPhaseBruteForce.h" />
    <ClInclude Include="Engine\ThirdParty\JoltPhysics\Jolt\Physics\Collision\BroadPhase\BroadPhaseLayer.h" />
    <ClInclude Include="Engine\ThirdParty\JoltPhysics\Jolt\Physics\Collision\BroadPhase\BroadPhaseQuadTree.h" />
    <ClInclude Include="Engine\ThirdParty\JoltPhysics\Jolt\Physics\Collision\BroadPhase\BroadPhaseQuery.h" />
    <ClInclude Include="Engine\ThirdParty\JoltPhysics\Jolt\Physics\Collision\BroadPhase\QuadTree.h" />
    <ClInclude Include="Engine\ThirdParty\JoltPhysics\Jolt\Physics\Collision\CastConvexVsTriangles.h" />
    <ClInclude Include="Engine\ThirdParty\JoltPhysics\Jolt\Physics\Collision\CastSphereVsTriangles.h" />
    <ClInclude Include="Engine\ThirdParty\JoltPhysics\Jolt\Physics\Collision\CastResult.h" />
    <ClInclude Include="Engine\ThirdParty\JoltPhysics\Jolt\Physics\Collision\CollectFacesMode.h" />
    <ClInclude Include="Engine\ThirdParty\JoltPhysics\Jolt\Physics\Collision\CollideConvexVsTriangles.h" />
    <ClInclude Include="Engine\ThirdParty\JoltPhysics\Jolt\Physics\Collision\CollidePointResult.h" />
    <ClInclude Include="Engine\ThirdParty\JoltPhysics\Jolt\Physics\Collision\CollideShape.h" />
    <ClInclude Include="Engine\ThirdParty\JoltPhysics\Jolt\Physics\Collision\CollideSphereVsTriangles.h" />
    <ClInclude Include="Engine\ThirdParty\JoltPhysics\Jolt\Physics\Collision\CollisionCollector.h" />
    <ClInclude Include="Engine\ThirdParty\JoltPhysics\Jolt\Physics\Collision\CollisionCollectorImpl.h" />
    <ClInclude Include="Engine\ThirdParty\JoltPhysics\Jolt\Physics\Collision\CollisionDispatch.h" />
    <ClInclude Include="Engine\ThirdParty\JoltPhysics\Jolt\Physics\Collision\CollisionGroup.h" />
    <ClInclude Include="Engine\ThirdParty\JoltPhysics\Jolt\Physics\Collision\ContactListener.h" />
    <ClInclude Include="Engine\ThirdParty\JoltPhysics\Jolt\Physics\Collision\EstimateCollisionResponse.h" />
    <ClInclude Include="Engine\ThirdParty\JoltPhysics\Jolt\Physics\Collision\GroupFilter.h" />
    <ClInclude Include="Engine\ThirdParty\JoltPhysics\Jolt\Physics\Collision\GroupFilterTable.h" />
    <ClInclude Include="Engine\ThirdParty\JoltPhysics\Jolt\Physics\Collision\ManifoldBetweenTwoFaces.h" />
    <ClInclude Include="Engine\ThirdParty\JoltPhysics\Jolt\Physics\Collision\NarrowPhaseQuery.h" />
    <ClInclude Include="Engine\ThirdParty\JoltPhysics\Jolt\Physics\Collision\NarrowPhaseStats.h" />
    <ClInclude Include="Engine\ThirdParty\JoltPhysics\Jolt\Physics\Collision\ObjectLayer.h" />
    <ClInclude Include="Engine\ThirdParty\JoltPhysics\Jolt\Physics\Collision\PhysicsMaterial.h" />
    <ClInclude Include="Engine\ThirdParty\JoltPhysics\Jolt\Physics\Collision\PhysicsMaterialSimple.h" />
    <ClInclude Include="Engine\ThirdParty\JoltPhysics\Jolt\Physics\Collision\RayCast.h" />
    <ClInclude Include="Engine\ThirdParty\JoltPhysics\Jolt\Physics\Collision\Shape\BoxShape.h" />
    <ClInclude Include="Engine\ThirdParty\JoltPhysics\Jolt\Physics\Collision\Shape\CapsuleShape.h" />
    <ClInclude Include="Engine\ThirdParty\JoltPhysics\Jolt\Physics\Collision\Shape\CompoundShape.h" />
    <ClInclude Include="Engine\ThirdParty\JoltPhysics\Jolt\Physics\Collision\Shape\CompoundShapeVisitors.h" />
    <ClInclude Include="Engine\ThirdParty\JoltPhysics\Jolt\Physics\Collision\Shape\ConvexHullShape.h" />
    <ClInclude Include="Engine\ThirdParty\JoltPhysics\Jolt\Physics\Collision\Shape\ConvexShape.h" />
    <ClInclude Include="Engine\ThirdParty\JoltPhysics\Jolt\Physics\Collision\Shape\CylinderShape.h" />
    <ClInclude Include="Engine\ThirdParty\JoltPhysics\Jolt\Physics\Collision\Shape\DecoratedShape.h" />
    <ClInclude Include="Engine\ThirdParty\JoltPhysics\Jolt\Physics\Collision\Shape\GetTrianglesContext.h" />
    <ClInclude Include="Engine\ThirdParty\JoltPhysics\Jolt\Physics\Collision\Shape\HeightFieldShape.h" />
    <ClInclude Include="Engine\ThirdParty\JoltPhysics\Jolt\Physics\Collision\Shape\MeshShape.h" />
    <ClInclude Include="Engine\ThirdParty\JoltPhysics\Jolt\Physics\Collision\Shape\MutableCompoundShape.h" />
    <ClInclude Include="Engine\ThirdParty\JoltPhysics\Jolt\Physics\Collision\Shape\OffsetCenterOfMassShape.h" />
    <ClInclude Include="Engine\ThirdParty\JoltPhysics\Jolt\Physics\Collision\Shape\PolyhedronSubmergedVolumeCalculator.h" />
    <ClInclude Include="Engine\ThirdParty\JoltPhysics\Jolt\Physics\Collision\Shape\RotatedTranslatedShape.h" />
    <ClInclude Include="Engine\ThirdParty\JoltPhysics\Jolt\Physics\Collision\Shape\ScaledShape.h" />
    <ClInclude Include="Engine\ThirdParty\JoltPhysics\Jolt\Physics\Collision\Shape\ScaleHelpers.h" />
    <ClInclude Include="Engine\ThirdParty\JoltPhysics\Jolt\Physics\Collision\Shape\Shape.h" />
    <ClInclude Include="Engine\ThirdParty\JoltPhysics\Jolt\Physics\Collision\Shape\SphereShape.h" />
    <ClInclude Include="Engine\ThirdParty\JoltPhysics\Jolt\Physics\Collision\Shape\StaticCompoundShape.h" />
    <ClInclude Include="Engine\ThirdParty\JoltPhysics\Jolt\Physics\Collision\Shape\SubShapeID.h" />
    <ClInclude Include="Engine\ThirdParty\JoltPhysics\Jolt\Physics\Collision\Shape\SubShapeIDPair.h" />
    <ClInclude Include="Engine\ThirdParty\JoltPhysics\Jolt\Physics\Collision\Shape\TaperedCapsuleShape.h" />
    <ClInclude Include="Engine\ThirdParty\JoltPhysics\Jolt\Physics\Collision\Shape\TriangleShape.h" />
    <ClInclude Include="Engine\ThirdParty\JoltPhysics\Jolt\Physics\Collision\ShapeCast.h" />
    <ClInclude Include="Engine\ThirdParty\JoltPhysics\Jolt\Physics\Collision\ShapeFilter.h" />
    <ClInclude Include="Engine\ThirdParty\JoltPhysics\Jolt\Physics\Collision\SortReverseAndStore.h" />
    <ClInclude Include="Engine\ThirdParty\JoltPhysics\Jolt\Physics\Collision\TransformedShape.h" />
    <ClInclude Include="Engine\ThirdParty\JoltPhysics\Jolt\Physics\Constraints\ConeConstraint.h" />
    <ClInclude Include="Engine\ThirdParty\JoltPhysics\Jolt\Physics\Constraints\Constraint.h" />
    <ClInclude Include="Engine\ThirdParty\JoltPhysics\Jolt\Physics\Constraints\ConstraintManager.h" />
    <ClInclude Include="Engine\ThirdParty\JoltPhysics\Jolt\Physics\Constraints\ConstraintPart\AngleConstraintPart.h" />
    <ClInclude Include="Engine\ThirdParty\JoltPhysics\Jolt\Physics\Constraints\ConstraintPart\AxisConstraintPart.h" />
    <ClInclude Include="Engine\ThirdParty\JoltPhysics\Jolt\Physics\Constraints\ConstraintPart\DualAxisConstraintPart.h" />
    <ClInclude Include="Engine\ThirdParty\JoltPhysics\Jolt\Physics\Constraints\ConstraintPart\GearConstraintPart.h" />
    <ClInclude Include="Engine\ThirdParty\JoltPhysics\Jolt\Physics\Constraints\ConstraintPart\HingeRotationConstraintPart.h" />
    <ClInclude Include="Engine\ThirdParty\JoltPhysics\Jolt\Physics\Constraints\ConstraintPart\IndependentAxisConstraintPart.h" />
    <ClInclude Include="Engine\ThirdParty\JoltPhysics\Jolt\Physics\Constraints\ConstraintPart\PointConstraintPart.h" />
    <ClInclude Include="Engine\ThirdParty\JoltPhysics\Jolt\Physics\Constraints\ConstraintPart\RackAndPinionConstraintPart.h" />
    <ClInclude Include="Engine\ThirdParty\JoltPhysics\Jolt\Physics\Constraints\ConstraintPart\RotationEulerConstraintPart.h" />
    <ClInclude Include="Engine\ThirdParty\JoltPhysics\Jolt\Physics\Constraints\ConstraintPart\RotationQuatConstraintPart.h" />
    <ClInclude Include="Engine\ThirdParty\JoltPhysics\Jolt\Physics\Constraints\ConstraintPart\SpringPart.h" />
    <ClInclude Include="Engine\ThirdParty\JoltPhysics\Jolt\Physics\Constraints\ConstraintPart\SwingTwistConstraintPart.h" />
    <ClInclude Include="Engine\ThirdParty\JoltPhysics\Jolt\Physics\Constraints\ContactConstraintManager.h" />
    <ClInclude Include="Engine\ThirdParty\JoltPhysics\Jolt\Physics\Constraints\DistanceConstraint.h" />
    <ClInclude Include="Engine\ThirdParty\JoltPhysics\Jolt\Physics\Constraints\FixedConstraint.h" />
    <ClInclude Include="Engine\ThirdParty\JoltPhysics\Jolt\Physics\Constraints\GearConstraint.h" />
    <ClInclude Include="Engine\ThirdParty\JoltPhysics\Jolt\Physics\Constraints\HingeConstraint.h" />
    <ClInclude Include="Engine\ThirdParty\JoltPhysics\Jolt\Physics\Constraints\MotorSettings.h" />
    <ClInclude Include="Engine\ThirdParty\JoltPhysics\Jolt\Physics\Constraints\PathConstraint.h" />
    <ClInclude Include="Engine\ThirdParty\JoltPhysics\Jolt\Physics\Constraints\PathConstraintPath.h" />
    <ClInclude Include="Engine\ThirdParty\JoltPhysics\Jolt\Physics\Constraints\PathConstraintPathHermite.h" />
    <ClInclude Include="Engine\ThirdParty\JoltPhysics\Jolt\Physics\Constraints\PointConstraint.h" />
    <ClInclude Include="Engine\ThirdParty\JoltPhysics\Jolt\Physics\Constraints\PulleyConstraint.h" />
    <ClInclude Include="Engine\ThirdParty\JoltPhysics\Jolt\Physics\Constraints\RackAndPinionConstraint.h" />
    <ClInclude Include="Engine\ThirdParty\JoltPhysics\Jolt\Physics\Constraints\SixDOFConstraint.h" />
    <ClInclude Include="Engine\ThirdParty\JoltPhysics\Jolt\Physics\Constraints\SliderConstraint.h" />
    <ClInclude Include="Engine\ThirdParty\JoltPhysics\Jolt\Physics\Constraints\SpringSettings.h" />
    <ClInclude Include="Engine\ThirdParty\JoltPhysics\Jolt\Physics\Constraints\SwingTwistConstraint.h" />
    <ClInclude Include="Engine\ThirdParty\JoltPhysics\Jolt\Physics\Constraints\TwoBodyConstraint.h" />
    <ClInclude Include="Engine\ThirdParty\JoltPhysics\Jolt\Physics\DeterminismLog.h" />
    <ClInclude Include="Engine\ThirdParty\JoltPhysics\Jolt\Physics\EActivation.h" />
    <ClInclude Include="Engine\ThirdParty\JoltPhysics\Jolt\Physics\EPhysicsUpdateError.h" />
    <ClInclude Include="Engine\ThirdParty\JoltPhysics\Jolt\Physics\IslandBuilder.h" />
    <ClInclude Include="Engine\ThirdParty\JoltPhysics\Jolt\Physics\LargeIslandSplitter.h" />
    <ClInclude Include="Engine\ThirdParty\JoltPhysics\Jolt\Physics\PhysicsLock.h" />
    <ClInclude Include="Engine\ThirdParty\JoltPhysics\Jolt\Physics\PhysicsScene.h" />
    <ClInclude Include="Engine\ThirdParty\JoltPhysics\Jolt\Physics\PhysicsSettings.h" />
    <ClInclude Include="Engine\ThirdParty\JoltPhysics\Jolt\Physics\PhysicsStepListener.h" />
    <ClInclude Include="Engine\ThirdParty\JoltPhysics\Jolt\Physics\PhysicsSystem.h" />
    <ClInclude Include="Engine\ThirdParty\JoltPhysics\Jolt\Physics\PhysicsUpdateContext.h" />
    <ClInclude Include="Engine\ThirdParty\JoltPhysics\Jolt\Physics\Ragdoll\Ragdoll.h" />
    <ClInclude Include="Engine\ThirdParty\JoltPhysics\Jolt\Physics\SoftBody\SoftBodyCreationSettings.h" />
    <ClInclude Include="Engine\ThirdParty\JoltPhysics\Jolt\Physics\SoftBody\SoftBodyMotionProperties.h" />
    <ClInclude Include="Engine\ThirdParty\JoltPhysics\Jolt\Physics\SoftBody\SoftBodyShape.h" />
    <ClInclude Include="Engine\ThirdParty\JoltPhysics\Jolt\Physics\SoftBody\SoftBodySharedSettings.h" />
    <ClInclude Include="Engine\ThirdParty\JoltPhysics\Jolt\Physics\SoftBody\SoftBodyVertex.h" />
    <ClInclude Include="Engine\ThirdParty\JoltPhysics\Jolt\Physics\StateRecorder.h" />
    <ClInclude Include="Engine\ThirdParty\JoltPhysics\Jolt\Physics\StateRecorderImpl.h" />
    <ClInclude Include="Engine\ThirdParty\JoltPhysics\Jolt\Physics\Vehicle\MotorcycleController.h" />
    <ClInclude Include="Engine\ThirdParty\JoltPhysics\Jolt\Physics\Vehicle\TrackedVehicleController.h" />
    <ClInclude Include="Engine\ThirdParty\JoltPhysics\Jolt\Physics\Vehicle\VehicleAntiRollBar.h" />
    <ClInclude Include="Engine\ThirdParty\JoltPhysics\Jolt\Physics\Vehicle\VehicleCollisionTester.h" />
    <ClInclude Include="Engine\ThirdParty\JoltPhysics\Jolt\Physics\Vehicle\VehicleConstraint.h" />
    <ClInclude Include="Engine\ThirdParty\JoltPhysics\Jolt\Physics\Vehicle\VehicleController.h" />
    <ClInclude Include="Engine\ThirdParty\JoltPhysics\Jolt\Physics\Vehicle\VehicleDifferential.h" />
    <ClInclude Include="Engine\ThirdParty\JoltPhysics\Jolt\Physics\Vehicle\VehicleEngine.h" />
    <ClInclude Include="Engine\ThirdParty\JoltPhysics\Jolt\Physics\Vehicle\VehicleTrack.h" />
    <ClInclude Include="Engine\ThirdParty\JoltPhysics\Jolt\Physics\Vehicle\VehicleTransmission.h" />
    <ClInclude Include="Engine\ThirdParty\JoltPhysics\Jolt\Physics\Vehicle\Wheel.h" />
    <ClInclude Include="Engine\ThirdParty\JoltPhysics\Jolt\Physics\Vehicle\WheeledVehicleController.h" />
    <ClInclude Include="Engine\ThirdParty\JoltPhysics\Jolt\RegisterTypes.h" />
    <ClInclude Include="Engine\ThirdParty\JoltPhysics\Jolt\Renderer\DebugRenderer.h" />
    <ClInclude Include="Engine\ThirdParty\JoltPhysics\Jolt\Renderer\DebugRendererPlayback.h" />
    <ClInclude Include="Engine\ThirdParty\JoltPhysics\Jolt\Renderer\DebugRendererRecorder.h" />
    <ClInclude Include="Engine\ThirdParty\JoltPhysics\Jolt\Skeleton\SkeletalAnimation.h" />
    <ClInclude Include="Engine\ThirdParty\JoltPhysics\Jolt\Skeleton\Skeleton.h" />
    <ClInclude Include="Engine\ThirdParty\JoltPhysics\Jolt\Skeleton\SkeletonMapper.h" />
    <ClInclude Include="Engine\ThirdParty\JoltPhysics\Jolt\Skeleton\SkeletonPose.h" />
    <ClInclude Include="Engine\ThirdParty\JoltPhysics\Jolt\TriangleGrouper\TriangleGrouper.h" />
    <ClInclude Include="Engine\ThirdParty\JoltPhysics\Jolt\TriangleGrouper\TriangleGrouperClosestCentroid.h" />
    <ClInclude Include="Engine\ThirdParty\JoltPhysics\Jolt\TriangleGrouper\TriangleGrouperMorton.h" />
    <ClInclude Include="Engine\ThirdParty\JoltPhysics\Jolt\TriangleSplitter\TriangleSplitter.h" />
    <ClInclude Include="Engine\ThirdParty\JoltPhysics\Jolt\TriangleSplitter\TriangleSplitterBinning.h" />
    <ClInclude Include="Engine\ThirdParty\JoltPhysics\Jolt\TriangleSplitter\TriangleSplitterFixedLeafSize.h" />
    <ClInclude Include="Engine\ThirdParty\JoltPhysics\Jolt\TriangleSplitter\TriangleSplitterLongestAxis.h" />
    <ClInclude Include="Engine\ThirdParty\JoltPhysics\Jolt\TriangleSplitter\TriangleSplitterMean.h" />
    <ClInclude Include="Engine\ThirdParty\JoltPhysics\Jolt\TriangleSplitter\TriangleSplitterMorton.h" />
    <ClInclude Include="Engine\ThirdParty\JoltPhysics\Jolt.dir\Debug\cmake_pch.hxx" />
    <ClInclude Include="Engine\ThirdParty\JoltPhysics\Jolt.dir\Develop\cmake_pch.hxx" />
    <ClInclude Include="Engine\ThirdParty\JoltPhysics\Jolt.dir\Shipping\cmake_pch.hxx" />
  </ItemGroup>
  <ItemGroup>
    <Natvis Include="Engine\ThirdParty\JoltPhysics\Jolt\Jolt.natvis" />
  </ItemGroup>
  <ItemGroup>
    <None Include="Engine\ThirdParty\JoltPhysics\Jolt\Jolt.cmake" />
    <None Include="Engine\ThirdParty\JoltPhysics\Jolt\Physics\Collision\Shape\TaperedCapsuleShape.gliffy" />
  </ItemGroup>
  <ItemGroup>
    <Filter Include="AABBTree">
      <UniqueIdentifier>{F19141AE-D066-3259-AFFF-1478FCD8C764}</UniqueIdentifier>
    </Filter>
    <Filter Include="AABBTree\NodeCodec">
      <UniqueIdentifier>{46FD53A6-AC89-3ED0-AEAD-CAB9BD474703}</UniqueIdentifier>
    </Filter>
    <Filter Include="AABBTree\TriangleCodec">
      <UniqueIdentifier>{26DF236A-44E2-3507-AF48-ABE4D15F9110}</UniqueIdentifier>
    </Filter>
    <Filter Include="Core">
      <UniqueIdentifier>{8B5F42DA-96F6-391F-8D99-F45064AB7237}</UniqueIdentifier>
    </Filter>
    <Filter Include="Geometry">
      <UniqueIdentifier>{2CEF5F5D-A7BC-333F-A1D4-5435192D5ADE}</UniqueIdentifier>
    </Filter>
    <Filter Include="Math">
      <UniqueIdentifier>{ADD267AC-242B-3815-8DF8-0A66E8310796}</UniqueIdentifier>
    </Filter>
    <Filter Include="ObjectStream">
      <UniqueIdentifier>{17C34BE0-6557-3E1E-941B-12A698726915}</UniqueIdentifier>
    </Filter>
    <Filter Include="Physics">
      <UniqueIdentifier>{FFD04076-29D9-3E23-8DEF-B2F0EB5D218E}</UniqueIdentifier>
    </Filter>
    <Filter Include="Physics\Body">
      <UniqueIdentifier>{EDA41EDD-6F77-3FEB-A294-9086B24E665A}</UniqueIdentifier>
    </Filter>
    <Filter Include="Physics\Character">
      <UniqueIdentifier>{D0C9D874-A060-354A-9286-16C6B6DAACC4}</UniqueIdentifier>
    </Filter>
    <Filter Include="Physics\Collision">
      <UniqueIdentifier>{EE62B713-27E7-3526-B31C-210C4D1CE989}</UniqueIdentifier>
    </Filter>
    <Filter Include="Physics\Collision\BroadPhase">
      <UniqueIdentifier>{8A914916-7CB9-3DE8-BBCD-7AC11D79EBFD}</UniqueIdentifier>
    </Filter>
    <Filter Include="Physics\Collision\Shape">
      <UniqueIdentifier>{6D9826D1-C8F2-341B-BB98-5325A4F121FA}</UniqueIdentifier>
    </Filter>
    <Filter Include="Physics\Constraints">
      <UniqueIdentifier>{94F81480-D217-39F7-93CA-A3C5E4650F65}</UniqueIdentifier>
    </Filter>
    <Filter Include="Physics\Constraints\ConstraintPart">
      <UniqueIdentifier>{2FDD2540-F8EC-3640-91A0-ECB020FC43DF}</UniqueIdentifier>
    </Filter>
    <Filter Include="Physics\Ragdoll">
      <UniqueIdentifier>{9B77BC6D-4E17-3203-9127-98BC0C00E5AF}</UniqueIdentifier>
    </Filter>
    <Filter Include="Physics\SoftBody">
      <UniqueIdentifier>{4CBE058B-224D-3FD4-9D77-E7FC2EF9E30B}</UniqueIdentifier>
    </Filter>
    <Filter Include="Physics\Vehicle">
      <UniqueIdentifier>{95E5B86A-1E29-3AC6-9C96-E4F7A9D76376}</UniqueIdentifier>
    </Filter>
    <Filter Include="Precompile Header File">
      <UniqueIdentifier>{FDF1C07F-BA27-38D4-B7A2-EFA52BF5F887}</UniqueIdentifier>
    </Filter>
    <Filter Include="Renderer">
      <UniqueIdentifier>{C9B706E1-FC44-3DED-876C-9BCD48843206}</UniqueIdentifier>
    </Filter>
    <Filter Include="Skeleton">
      <UniqueIdentifier>{923FF805-9D2C-3E5C-8D83-97D28E404B5B}</UniqueIdentifier>
    </Filter>
    <Filter Include="Source Files">
      <UniqueIdentifier>{B30A89B3-9BD2-3037-9014-A601AA48BF5C}</UniqueIdentifier>
    </Filter>
    <Filter Include="TriangleGrouper">
      <UniqueIdentifier>{6345E565-199E-34A6-9C73-16FDE1BAA90C}</UniqueIdentifier>
    </Filter>
    <Filter Include="TriangleSplitter">
      <UniqueIdentifier>{50818D77-F402-33A1-AC9B-B9E03E580ADC}</UniqueIdentifier>
    </Filter>
  </ItemGroup>
</Project>