<?xml version="1.0" encoding="utf-8"?>
<Project ToolsVersion="4.0" xmlns="http://schemas.microsoft.com/developer/msbuild/2003">
  <ItemGroup>
    <Filter Include="Shaders">
      <UniqueIdentifier>{fd0e48a4-e8d4-4899-921e-06eeabb2bcd6}</UniqueIdentifier>
    </Filter>
    <Filter Include="Objects">
      <UniqueIdentifier>{97917a83-111f-44e8-8ce0-923e000300ab}</UniqueIdentifier>
    </Filter>
    <Filter Include="Game">
      <UniqueIdentifier>{93995380-89BD-4b04-88EB-625FBE52EBFB}</UniqueIdentifier>
      <Extensions>h;hh;hpp;hxx;hm;inl;inc;ipp;xsd</Extensions>
    </Filter>
    <Filter Include="Base">
      <UniqueIdentifier>{61f482f1-192c-4a2b-82d5-01b63f039be3}</UniqueIdentifier>
    </Filter>
    <Filter Include="Base\Headers">
      <UniqueIdentifier>{04bbfd9c-ee81-40bc-8ccb-f820ce7d49bf}</UniqueIdentifier>
    </Filter>
    <Filter Include="Base\CppFiles">
      <UniqueIdentifier>{d9dbff95-85f9-4d07-a44a-b550ef13f5e3}</UniqueIdentifier>
    </Filter>
    <Filter Include="Game\Headers">
      <UniqueIdentifier>{add67752-e522-4ebd-9d3d-c24dda1f0a42}</UniqueIdentifier>
    </Filter>
    <Filter Include="Objects\Headers">
      <UniqueIdentifier>{402fde24-dff9-452e-a97d-1c0881e781f5}</UniqueIdentifier>
    </Filter>
    <Filter Include="Game\CppFiles">
      <UniqueIdentifier>{1ea57532-f319-4d55-b900-49a450131998}</UniqueIdentifier>
    </Filter>
    <Filter Include="Objects\CppFiles">
      <UniqueIdentifier>{93b13781-9910-41bb-8423-3c4749dde82d}</UniqueIdentifier>
    </Filter>
    <Filter Include="Shaders\HLSLResources">
      <UniqueIdentifier>{ab3bf208-a492-4c31-9a2c-b6dc7f7f14d3}</UniqueIdentifier>
    </Filter>
    <Filter Include="Shaders\HLSLResources\Common">
      <UniqueIdentifier>{45e88702-5acd-4e6a-86a5-6cb9e37a2d70}</UniqueIdentifier>
    </Filter>
    <Filter Include="Shaders\HLSLResources\Object">
      <UniqueIdentifier>{1e57125c-b11a-4484-83e1-c8bd46750063}</UniqueIdentifier>
    </Filter>
    <Filter Include="Shaders\HLSLResources\RenderPipeline">
      <UniqueIdentifier>{fff1280f-e16b-4c69-b8cd-e625550e729d}</UniqueIdentifier>
    </Filter>
    <Filter Include="Entry">
      <UniqueIdentifier>{3799fcee-0a03-431c-8755-61c0a634360c}</UniqueIdentifier>
    </Filter>
    <Filter Include="VolumetricClouds">
      <UniqueIdentifier>{d3f4a0a0-5292-4fe2-8a4b-342d5f5f59ee}</UniqueIdentifier>
    </Filter>
    <Filter Include="VolumetricClouds\CppFiles">
      <UniqueIdentifier>{d23b7842-2e79-4370-809c-86ee20bc1c11}</UniqueIdentifier>
    </Filter>
    <Filter Include="VolumetricClouds\Headers">
      <UniqueIdentifier>{6816d818-e5aa-439b-927e-0fb598a77485}</UniqueIdentifier>
    </Filter>
  </ItemGroup>
  <ItemGroup>
    <FxCompile Include="HLSLResources\RenderPipeline\EngineGBufferResolvePS.hlsl">
      <Filter>Shaders\HLSLResources\RenderPipeline</Filter>
    </FxCompile>
    <FxCompile Include="HLSLResources\RenderPipeline\EnginePostEffectExposurePS.hlsl">
      <Filter>Shaders\HLSLResources\RenderPipeline</Filter>
    </FxCompile>
    <FxCompile Include="HLSLResources\Object\EngineDefaultVS.hlsl">
      <Filter>Shaders\HLSLResources\Object</Filter>
    </FxCompile>
    <FxCompile Include="HLSLResources\Object\EngineDefaultPS.hlsl">
      <Filter>Shaders\HLSLResources\Object</Filter>
    </FxCompile>
    <FxCompile Include="HLSLResources\Object\EngineScreenPolygon2DVS.hlsl">
      <Filter>Shaders\HLSLResources\Object</Filter>
    </FxCompile>
    <FxCompile Include="HLSLResources\Object\EngineEmptyPS.hlsl">
      <Filter>Shaders\HLSLResources\Object</Filter>
    </FxCompile>
    <FxCompile Include="HLSLResources\RenderPipeline\EngineGBufferWritePS.hlsl">
      <Filter>Shaders\HLSLResources\RenderPipeline</Filter>
    </FxCompile>
    <FxCompile Include="HLSLResources\Object\EngineScreenPolygon2DPS.hlsl">
      <Filter>Shaders\HLSLResources\Object</Filter>
    </FxCompile>
  </ItemGroup>
  <ItemGroup>
    <ClInclude Include="Headers\Base\CInput.h">
      <Filter>Base\Headers</Filter>
    </ClInclude>
    <ClInclude Include="Headers\Base\CManager.h">
      <Filter>Base\Headers</Filter>
    </ClInclude>
    <ClInclude Include="Headers\Base\CReadFBX.h">
      <Filter>Base\Headers</Filter>
    </ClInclude>
    <ClInclude Include="Headers\Base\CReadOBJ.h">
      <Filter>Base\Headers</Filter>
    </ClInclude>
    <ClInclude Include="Headers\Base\CShader.h">
      <Filter>Base\Headers</Filter>
    </ClInclude>
    <ClInclude Include="Headers\Base\CTexture2D.h">
      <Filter>Base\Headers</Filter>
    </ClInclude>
    <ClInclude Include="Headers\Base\CRenderDevice.h">
      <Filter>Base\Headers</Filter>
    </ClInclude>
    <ClInclude Include="Headers\Base\CTimer.h">
      <Filter>Base\Headers</Filter>
    </ClInclude>
    <ClInclude Include="Headers\Game\CCamera.h">
      <Filter>Game\Headers</Filter>
    </ClInclude>
    <ClInclude Include="Headers\Game\CDeferredBuffer.h">
      <Filter>Game\Headers</Filter>
    </ClInclude>
    <ClInclude Include="Headers\Game\CScene.h">
      <Filter>Game\Headers</Filter>
    </ClInclude>
    <ClInclude Include="Headers\Object\CDebugScreen.h">
      <Filter>Objects\Headers</Filter>
    </ClInclude>
    <ClInclude Include="Headers\Object\CPlane.h">
      <Filter>Objects\Headers</Filter>
    </ClInclude>
    <ClInclude Include="Headers\Object\CPolygon2DBase.h">
      <Filter>Objects\Headers</Filter>
    </ClInclude>
    <ClInclude Include="Entry\MyMain.h">
      <Filter>Entry</Filter>
    </ClInclude>
    <ClInclude Include="Headers\Game\CLight.h">
      <Filter>Game\Headers</Filter>
    </ClInclude>
    <ClInclude Include="Headers\Base\CStructCommon.h">
      <Filter>Base\Headers</Filter>
    </ClInclude>
    <ClInclude Include="Headers\Base\CBaseType.h">
      <Filter>Base\Headers</Filter>
    </ClInclude>
    <ClInclude Include="Headers\Game\CGameObject.h">
      <Filter>Game\Headers</Filter>
    </ClInclude>
    <ClInclude Include="Headers\Game\CMesh.h">
      <Filter>Game\Headers</Filter>
    </ClInclude>
    <ClInclude Include="Headers\Game\CMeshRenderer.h">
      <Filter>Game\Headers</Filter>
    </ClInclude>
    <ClInclude Include="Headers\Game\CMeshManager.h">
      <Filter>Game\Headers</Filter>
    </ClInclude>
    <ClInclude Include="Headers\Base\CShaderManager.h">
      <Filter>Base\Headers</Filter>
    </ClInclude>
    <ClInclude Include="Headers\Object\CCube.h">
      <Filter>Objects\Headers</Filter>
    </ClInclude>
    <ClInclude Include="Headers\Game\CGameObjectManager.h">
      <Filter>Game\Headers</Filter>
    </ClInclude>
    <ClInclude Include="Headers\Object\CPolygon2D.h">
      <Filter>Objects\Headers</Filter>
    </ClInclude>
    <ClInclude Include="Headers\Object\CScreenPolygon2D.h">
      <Filter>Objects\Headers</Filter>
    </ClInclude>
    <ClInclude Include="Headers\Base\CTextureManager.h">
      <Filter>Base\Headers</Filter>
    </ClInclude>
    <ClInclude Include="VolumetricClouds\Headers\CVolumetricClouds.h">
      <Filter>VolumetricClouds\Headers</Filter>
    </ClInclude>
  </ItemGroup>
  <ItemGroup>
    <ClCompile Include="CppFiles\Base\CInput.cpp">
      <Filter>Base\CppFiles</Filter>
    </ClCompile>
    <ClCompile Include="CppFiles\Base\CManager.cpp">
      <Filter>Base\CppFiles</Filter>
    </ClCompile>
    <ClCompile Include="CppFiles\Base\CReadFBX.cpp">
      <Filter>Base\CppFiles</Filter>
    </ClCompile>
    <ClCompile Include="CppFiles\Base\CReadOBJ.cpp">
      <Filter>Base\CppFiles</Filter>
    </ClCompile>
    <ClCompile Include="CppFiles\Base\CShader.cpp">
      <Filter>Base\CppFiles</Filter>
    </ClCompile>
    <ClCompile Include="CppFiles\Base\CTexture2D.cpp">
      <Filter>Base\CppFiles</Filter>
    </ClCompile>
    <ClCompile Include="CppFiles\Base\CRenderDevice.cpp">
      <Filter>Base\CppFiles</Filter>
    </ClCompile>
    <ClCompile Include="CppFiles\Base\CTimer.cpp">
      <Filter>Base\CppFiles</Filter>
    </ClCompile>
    <ClCompile Include="CppFiles\Game\CCamera.cpp">
      <Filter>Game\CppFiles</Filter>
    </ClCompile>
    <ClCompile Include="CppFiles\Game\CDeferredBuffer.cpp">
      <Filter>Game\CppFiles</Filter>
    </ClCompile>
    <ClCompile Include="CppFiles\Object\CDebugScreen.cpp">
      <Filter>Objects\CppFiles</Filter>
    </ClCompile>
    <ClCompile Include="CppFiles\Object\CPlane.cpp">
      <Filter>Objects\CppFiles</Filter>
    </ClCompile>
    <ClCompile Include="CppFiles\Object\CPolygon2DBase.cpp">
      <Filter>Objects\CppFiles</Filter>
    </ClCompile>
    <ClCompile Include="Entry\MyMain.cpp">
      <Filter>Entry</Filter>
    </ClCompile>
    <ClCompile Include="CppFiles\Game\CLight.cpp">
      <Filter>Game\CppFiles</Filter>
    </ClCompile>
    <ClCompile Include="CppFiles\Base\CBaseType.cpp">
      <Filter>Base\CppFiles</Filter>
    </ClCompile>
    <ClCompile Include="CppFiles\Game\CMeshRenderer.cpp">
      <Filter>Game\CppFiles</Filter>
    </ClCompile>
    <ClCompile Include="CppFiles\Game\CMesh.cpp">
      <Filter>Game\CppFiles</Filter>
    </ClCompile>
    <ClCompile Include="CppFiles\Game\CMeshManager.cpp">
      <Filter>Game\CppFiles</Filter>
    </ClCompile>
    <ClCompile Include="CppFiles\Base\CShaderManager.cpp">
      <Filter>Base\CppFiles</Filter>
    </ClCompile>
    <ClCompile Include="CppFiles\Object\CCube.cpp">
      <Filter>Objects\CppFiles</Filter>
    </ClCompile>
    <ClCompile Include="CppFiles\Object\CPolygon2D.cpp">
      <Filter>Objects\CppFiles</Filter>
    </ClCompile>
    <ClCompile Include="CppFiles\Object\CScreenPolygon2D.cpp">
      <Filter>Objects\CppFiles</Filter>
    </ClCompile>
    <ClCompile Include="CppFiles\Game\CScene.cpp">
      <Filter>Game\CppFiles</Filter>
    </ClCompile>
    <ClCompile Include="CppFiles\Game\CGameObjectManager.cpp">
      <Filter>Game\CppFiles</Filter>
    </ClCompile>
    <ClCompile Include="CppFiles\Base\CTextureManager.cpp">
      <Filter>Base\CppFiles</Filter>
    </ClCompile>
    <ClCompile Include="VolumetricClouds\CppFiles\CVolumetricClouds.cpp">
      <Filter>VolumetricClouds\CppFiles</Filter>
    </ClCompile>
  </ItemGroup>
  <ItemGroup>
    <None Include="HLSLResources\Common\ShaderFunctions.hlsl">
      <Filter>Shaders\HLSLResources\Common</Filter>
    </None>
    <None Include="HLSLResources\Common\ShaderNoises.hlsl">
      <Filter>Shaders\HLSLResources\Common</Filter>
    </None>
    <None Include="HLSLResources\Common\ShaderVariables.hlsl">
      <Filter>Shaders\HLSLResources\Common</Filter>
    </None>
    <None Include="HLSLResources\Common\ShaderDefCommon.hlsl">
      <Filter>Shaders\HLSLResources\Common</Filter>
    </None>
    <None Include="HLSLResources\Common\ShaderCommon.hlsl">
      <Filter>Shaders\HLSLResources\Common</Filter>
    </None>
    <None Include="HLSLResources\Common\ShaderSpaceTransform.hlsl">
      <Filter>Shaders\HLSLResources\Common</Filter>
    </None>
  </ItemGroup>
</Project>