<?xml version="1.0" encoding="utf-8"?>
<Project ToolsVersion="4.0" xmlns="http://schemas.microsoft.com/developer/msbuild/2003">
  <ItemGroup>
    <Filter Include="ThirdParty">
      <UniqueIdentifier>{e897dffc-72bd-472e-81a0-9c3bfb72e867}</UniqueIdentifier>
    </Filter>
    <Filter Include="ThirdParty\imgui">
      <UniqueIdentifier>{ed65aedb-08b0-4120-9b64-73613d0b624c}</UniqueIdentifier>
    </Filter>
    <Filter Include="Entry">
      <UniqueIdentifier>{3a1d1442-cc51-4218-a6a6-49aa8b74a416}</UniqueIdentifier>
    </Filter>
    <Filter Include="Engine">
      <UniqueIdentifier>{df9fbf87-e1b8-4741-99ec-937b0bd2b17f}</UniqueIdentifier>
    </Filter>
    <Filter Include="Engine\EngineThirdParty">
      <UniqueIdentifier>{6a42cf7e-0f4b-4fe1-9616-46eb92d11e60}</UniqueIdentifier>
    </Filter>
    <Filter Include="Engine\Sources">
      <UniqueIdentifier>{d137178e-3be0-4a0a-a3c9-bfeaf6696dd9}</UniqueIdentifier>
    </Filter>
    <Filter Include="Engine\EngineThirdParty\CimGUI">
      <UniqueIdentifier>{e06e7c59-51c0-44cd-8f69-30343f04a994}</UniqueIdentifier>
    </Filter>
    <Filter Include="Engine\EngineThirdParty\CimGUI\CppFiles">
      <UniqueIdentifier>{ba637531-f7e7-470b-8542-0f6840097715}</UniqueIdentifier>
    </Filter>
    <Filter Include="Engine\EngineThirdParty\CimGUI\Headers">
      <UniqueIdentifier>{bed80470-7fe5-40e7-9185-6a6e55486d91}</UniqueIdentifier>
    </Filter>
    <Filter Include="Engine\EngineThirdParty\CimGUI\HLSLResources">
      <UniqueIdentifier>{a9d41655-fbf8-49ba-b4d7-8591a432eece}</UniqueIdentifier>
    </Filter>
    <Filter Include="Engine\Sources\Development">
      <UniqueIdentifier>{6771b534-f435-4666-abcf-38631a8d0472}</UniqueIdentifier>
    </Filter>
    <Filter Include="Engine\Sources\EngineBase">
      <UniqueIdentifier>{ef6a0dfa-d901-4c62-a4d1-333ef54ef8f0}</UniqueIdentifier>
    </Filter>
    <Filter Include="Engine\Sources\EngineGame">
      <UniqueIdentifier>{cd5ef7f1-da65-4cd4-b390-33a363c42f02}</UniqueIdentifier>
    </Filter>
    <Filter Include="Engine\Sources\EngineRender">
      <UniqueIdentifier>{90289c1e-36b2-4f13-97fe-e35fa2d1dc77}</UniqueIdentifier>
    </Filter>
    <Filter Include="Engine\Sources\Development\CppFiles">
      <UniqueIdentifier>{a458cb68-715a-45f0-a1b6-fff46b38c580}</UniqueIdentifier>
    </Filter>
    <Filter Include="Engine\Sources\Development\Headers">
      <UniqueIdentifier>{dd4bedac-15ec-497d-b78f-184839c9dc37}</UniqueIdentifier>
    </Filter>
    <Filter Include="Engine\Sources\EngineBase\CppFiles">
      <UniqueIdentifier>{6cb480a8-5ac3-444d-950f-61f8c9ae5596}</UniqueIdentifier>
    </Filter>
    <Filter Include="Engine\Sources\EngineBase\Headers">
      <UniqueIdentifier>{96dc9ee0-2871-4c63-92e9-8a1d41c605a9}</UniqueIdentifier>
    </Filter>
    <Filter Include="Engine\Sources\EngineGame\CppFiles">
      <UniqueIdentifier>{835f2e8d-f89c-4909-bbec-016539afe896}</UniqueIdentifier>
    </Filter>
    <Filter Include="Engine\Sources\EngineGame\Headers">
      <UniqueIdentifier>{307c1f29-ac4a-42e2-ba98-10bc166f52c1}</UniqueIdentifier>
    </Filter>
    <Filter Include="Engine\Sources\EngineRender\AssetsManager">
      <UniqueIdentifier>{86e8dda8-09d7-4f2e-98ae-c5e1823f1401}</UniqueIdentifier>
    </Filter>
    <Filter Include="Engine\Sources\EngineRender\AssetsManager\Headers">
      <UniqueIdentifier>{d976ae1e-d396-453a-9688-b492f90de546}</UniqueIdentifier>
    </Filter>
    <Filter Include="Engine\Sources\EngineRender\AssetsManager\CppFiles">
      <UniqueIdentifier>{5aee785e-b089-4218-b273-be27323afd10}</UniqueIdentifier>
    </Filter>
    <Filter Include="Engine\Sources\EngineRender\RenderBase">
      <UniqueIdentifier>{914826fa-3e63-4fdf-a92e-08655035cc7f}</UniqueIdentifier>
    </Filter>
    <Filter Include="Engine\Sources\EngineRender\RenderFeatures">
      <UniqueIdentifier>{682460c3-752a-4b2f-a550-116d6839f9eb}</UniqueIdentifier>
    </Filter>
    <Filter Include="Engine\Sources\EngineRender\HLSLResources">
      <UniqueIdentifier>{aadeaa49-a3d9-45cd-8793-5d8dfd462704}</UniqueIdentifier>
    </Filter>
    <Filter Include="Engine\Sources\EngineRender\RenderBase\CppFiles">
      <UniqueIdentifier>{42f9fed6-29be-4db8-a559-4a190db16833}</UniqueIdentifier>
    </Filter>
    <Filter Include="Engine\Sources\EngineRender\RenderBase\Headers">
      <UniqueIdentifier>{d88e43a2-60fa-4483-af0e-a5b4447d9894}</UniqueIdentifier>
    </Filter>
    <Filter Include="Engine\Sources\EngineRender\RenderFeatures\CppFiles">
      <UniqueIdentifier>{60b8e0b3-2386-48cf-a953-16042f5c199f}</UniqueIdentifier>
    </Filter>
    <Filter Include="Engine\Sources\EngineRender\RenderFeatures\Headers">
      <UniqueIdentifier>{ff72978e-f663-4f47-bba7-92a7390f9f34}</UniqueIdentifier>
    </Filter>
    <Filter Include="Engine\Sources\EngineRender\HLSLResources\Common">
      <UniqueIdentifier>{d794b29c-a527-472f-872d-b2dfb61738a7}</UniqueIdentifier>
    </Filter>
    <Filter Include="Engine\Sources\EngineRender\HLSLResources\MeshRenderer">
      <UniqueIdentifier>{e5504698-ef68-48c3-920d-73b38bf39749}</UniqueIdentifier>
    </Filter>
    <Filter Include="Engine\Sources\EngineRender\HLSLResources\RenderFeatures">
      <UniqueIdentifier>{c739f9ca-d5ff-4dd2-a7c8-5225a0135923}</UniqueIdentifier>
    </Filter>
    <Filter Include="Engine\Sources\EngineRender\HLSLResources\RenderPipeline">
      <UniqueIdentifier>{66952704-0ee6-42fb-bfb6-5fee7bf030e7}</UniqueIdentifier>
    </Filter>
    <Filter Include="Engine\Sources\EngineRender\HLSLResources\RenderFeatures\GTAO">
      <UniqueIdentifier>{870f5faa-6871-41b6-957a-27ae766b5e4a}</UniqueIdentifier>
    </Filter>
    <Filter Include="Engine\Sources\EngineRender\HLSLResources\RenderFeatures\HZBDownSampling">
      <UniqueIdentifier>{df824d15-d2e8-424c-ba9f-0b7153dcbd58}</UniqueIdentifier>
    </Filter>
    <Filter Include="Engine\Sources\EngineRender\HLSLResources\RenderFeatures\PostProcess">
      <UniqueIdentifier>{101061e4-48e7-4b1c-b396-f99746c965fb}</UniqueIdentifier>
    </Filter>
    <Filter Include="Engine\Sources\EngineRender\RenderMaterials">
      <UniqueIdentifier>{07e5ba86-bb36-473f-98d9-05a8b6f7c9dc}</UniqueIdentifier>
    </Filter>
    <Filter Include="Engine\Sources\EngineRender\RenderMaterials\CppFiles">
      <UniqueIdentifier>{e77c300d-dcc7-4dc9-a17c-d1cd15ebf612}</UniqueIdentifier>
    </Filter>
    <Filter Include="Engine\Sources\EngineRender\RenderMaterials\Headers">
      <UniqueIdentifier>{a8b45931-3cb4-4747-b96f-da3e79d2b110}</UniqueIdentifier>
    </Filter>
    <Filter Include="Engine\EngineThirdParty\Cassimp">
      <UniqueIdentifier>{f7af3b20-90e5-49d5-bd4b-51c5416a64a5}</UniqueIdentifier>
    </Filter>
    <Filter Include="Engine\EngineThirdParty\Cassimp\CppFiles">
      <UniqueIdentifier>{ac41ca51-0869-4291-a3bf-669837b6b5c0}</UniqueIdentifier>
    </Filter>
    <Filter Include="Engine\EngineThirdParty\Cassimp\Headers">
      <UniqueIdentifier>{a3a8850c-963d-4c05-a932-b631285a9591}</UniqueIdentifier>
    </Filter>
    <Filter Include="Engine\Sources\EngineEditor">
      <UniqueIdentifier>{f15043f7-f27e-4a30-8bc0-2cccaab8020c}</UniqueIdentifier>
    </Filter>
    <Filter Include="Engine\Sources\EngineEditor\CppFiles">
      <UniqueIdentifier>{3b627421-5f52-46fd-9deb-b4ec7ae76af2}</UniqueIdentifier>
    </Filter>
    <Filter Include="Engine\Sources\EngineEditor\Headers">
      <UniqueIdentifier>{393cd869-76a1-4880-80af-185b4c055fbc}</UniqueIdentifier>
    </Filter>
  </ItemGroup>
  <ItemGroup>
    <ClInclude Include="Engine\Sources\EngineCore\Main\Main.h">
      <Filter>Entry</Filter>
    </ClInclude>
    <ClInclude Include="Engine\EngineThirdParty\imGUI\Headers\imGUIManager.h">
      <Filter>Engine\EngineThirdParty\CimGUI\Headers</Filter>
    </ClInclude>
    <ClInclude Include="Engine\Sources\OldEngineCode\Development\CDebugScreen.h">
      <Filter>Engine\Sources\Development\Headers</Filter>
    </ClInclude>
    <ClInclude Include="Engine\Sources\EngineCore\Core\Base\Timer\Timer.h">
      <Filter>Engine\Sources\EngineBase\Headers</Filter>
    </ClInclude>
    <ClInclude Include="Engine\Sources\OldEngineCode\EngineGame\CCamera.h">
      <Filter>Engine\Sources\EngineGame\Headers</Filter>
    </ClInclude>
    <ClInclude Include="Engine\Sources\OldEngineCode\EngineGame\CCube.h">
      <Filter>Engine\Sources\EngineGame\Headers</Filter>
    </ClInclude>
    <ClInclude Include="Engine\Sources\OldEngineCode\EngineGame\CGameObject.h">
      <Filter>Engine\Sources\EngineGame\Headers</Filter>
    </ClInclude>
    <ClInclude Include="Engine\Sources\OldEngineCode\EngineGame\CLightType.h">
      <Filter>Engine\Sources\EngineGame\Headers</Filter>
    </ClInclude>
    <ClInclude Include="Engine\Sources\OldEngineCode\EngineGame\CPlane.h">
      <Filter>Engine\Sources\EngineGame\Headers</Filter>
    </ClInclude>
    <ClInclude Include="Engine\Sources\OldEngineCode\EngineGame\CPolygon2D.h">
      <Filter>Engine\Sources\EngineGame\Headers</Filter>
    </ClInclude>
    <ClInclude Include="Engine\Sources\OldEngineCode\EngineGame\CPolygon2DBase.h">
      <Filter>Engine\Sources\EngineGame\Headers</Filter>
    </ClInclude>
    <ClInclude Include="Engine\Sources\OldEngineCode\EngineGame\CScreenPolygon2D.h">
      <Filter>Engine\Sources\EngineGame\Headers</Filter>
    </ClInclude>
    <ClInclude Include="Engine\Sources\OldEngineCode\EngineRender\AssetsManager\CMeshManager.h">
      <Filter>Engine\Sources\EngineRender\AssetsManager\Headers</Filter>
    </ClInclude>
    <ClInclude Include="Engine\Sources\OldEngineCode\EngineRender\AssetsManager\CShader.h">
      <Filter>Engine\Sources\EngineRender\AssetsManager\Headers</Filter>
    </ClInclude>
    <ClInclude Include="Engine\Sources\OldEngineCode\EngineRender\AssetsManager\CShaderManager.h">
      <Filter>Engine\Sources\EngineRender\AssetsManager\Headers</Filter>
    </ClInclude>
    <ClInclude Include="Engine\Sources\OldEngineCode\EngineRender\AssetsManager\CTextureManager.h">
      <Filter>Engine\Sources\EngineRender\AssetsManager\Headers</Filter>
    </ClInclude>
    <ClInclude Include="Engine\Sources\OldEngineCode\EngineRender\RenderBase\CMeshRendererComponent.h">
      <Filter>Engine\Sources\EngineRender\RenderBase\Headers</Filter>
    </ClInclude>
    <ClInclude Include="Engine\Sources\EngineCore\RenderCore\RenderDevice\DeviceD3D11.h">
      <Filter>Engine\Sources\EngineRender\RenderBase\Headers</Filter>
    </ClInclude>
    <ClInclude Include="Engine\Sources\EngineCore\RenderCore\RenderCommon.h">
      <Filter>Engine\Sources\EngineRender\RenderBase\Headers</Filter>
    </ClInclude>
    <ClInclude Include="Engine\Sources\OldEngineCode\EngineRender\RenderFeatures\CGTAOPass.h">
      <Filter>Engine\Sources\EngineRender\RenderFeatures\Headers</Filter>
    </ClInclude>
    <ClInclude Include="Engine\Sources\OldEngineCode\EngineRender\RenderFeatures\CHZBPass.h">
      <Filter>Engine\Sources\EngineRender\RenderFeatures\Headers</Filter>
    </ClInclude>
    <ClInclude Include="Engine\Sources\OldEngineCode\EngineRender\RenderBase\CRenderPipeline.h">
      <Filter>Engine\Sources\EngineRender\RenderBase\Headers</Filter>
    </ClInclude>
    <ClInclude Include="Engine\Sources\OldEngineCode\EngineGame\CScene.h">
      <Filter>Engine\Sources\EngineGame\Headers</Filter>
    </ClInclude>
    <ClInclude Include="Engine\Sources\OldEngineCode\EngineRender\RenderBase\CGPUQueryManager.h">
      <Filter>Engine\Sources\EngineRender\RenderBase\Headers</Filter>
    </ClInclude>
    <ClInclude Include="Engine\Sources\OldEngineCode\EngineRender\RenderBase\CGPUQuery.h">
      <Filter>Engine\Sources\EngineRender\RenderBase\Headers</Filter>
    </ClInclude>
    <ClInclude Include="Engine\Sources\OldEngineCode\Development\CGPUProfiler.h">
      <Filter>Engine\Sources\Development\Headers</Filter>
    </ClInclude>
    <ClInclude Include="Engine\Sources\OldEngineCode\EngineRender\RenderBase\CGPUCulling.h">
      <Filter>Engine\Sources\EngineRender\RenderBase\Headers</Filter>
    </ClInclude>
    <ClInclude Include="Engine\Sources\EngineCore\HID\Input\Mouse.h">
      <Filter>Engine\Sources\EngineBase\Headers</Filter>
    </ClInclude>
    <ClInclude Include="Engine\Sources\EngineCore\HID\Input\Keyboard.h">
      <Filter>Engine\Sources\EngineBase\Headers</Filter>
    </ClInclude>
    <ClInclude Include="Engine\Sources\OldEngineCode\EngineGame\CSkyBox.h">
      <Filter>Engine\Sources\EngineGame\Headers</Filter>
    </ClInclude>
    <ClInclude Include="Engine\Sources\OldEngineCode\EngineRender\AssetsManager\CTextureType.h">
      <Filter>Engine\Sources\EngineRender\AssetsManager\Headers</Filter>
    </ClInclude>
    <ClInclude Include="Engine\Sources\OldEngineCode\EngineGame\CComponent.h">
      <Filter>Engine\Sources\EngineGame\Headers</Filter>
    </ClInclude>
    <ClInclude Include="Engine\Sources\OldEngineCode\Development\CSceneGameObject.h">
      <Filter>Engine\Sources\Development\Headers</Filter>
    </ClInclude>
    <ClInclude Include="Engine\Sources\OldEngineCode\EngineRender\RenderFeatures\CPostProcessBase.h">
      <Filter>Engine\Sources\EngineRender\RenderFeatures\Headers</Filter>
    </ClInclude>
    <ClInclude Include="Engine\Sources\OldEngineCode\EngineRender\RenderBase\CMaterialBase.h">
      <Filter>Engine\Sources\EngineRender\RenderBase\Headers</Filter>
    </ClInclude>
    <ClInclude Include="Engine\Sources\OldEngineCode\EngineRender\RenderMaterials\CClothMaterial.h">
      <Filter>Engine\Sources\EngineRender\RenderMaterials\Headers</Filter>
    </ClInclude>
    <ClInclude Include="Engine\Sources\OldEngineCode\EngineRender\RenderMaterials\CDefaultLitMaterial.h">
      <Filter>Engine\Sources\EngineRender\RenderMaterials\Headers</Filter>
    </ClInclude>
    <ClInclude Include="Engine\Sources\OldEngineCode\EngineRender\RenderMaterials\CScreenPolygon2DMaterial.h">
      <Filter>Engine\Sources\EngineRender\RenderMaterials\Headers</Filter>
    </ClInclude>
    <ClInclude Include="Engine\Sources\OldEngineCode\EngineRender\RenderMaterials\CClearCoatMaterial.h">
      <Filter>Engine\Sources\EngineRender\RenderMaterials\Headers</Filter>
    </ClInclude>
    <ClInclude Include="Engine\EngineThirdParty\assimp\Headers\assimpManager.h">
      <Filter>Engine\EngineThirdParty\Cassimp\Headers</Filter>
    </ClInclude>
    <ClInclude Include="Engine\Sources\OldEngineCode\EngineGame\CGameObjectUtilty.h">
      <Filter>Engine\Sources\EngineGame\Headers</Filter>
    </ClInclude>
    <ClInclude Include="Engine\Sources\OldEngineCode\EngineGame\CGameStructCommon.h">
      <Filter>Engine\Sources\EngineGame\Headers</Filter>
    </ClInclude>
    <ClInclude Include="Engine\Sources\OldEngineCode\EngineGame\CGameBoundComponent.h">
      <Filter>Engine\Sources\EngineGame\Headers</Filter>
    </ClInclude>
    <ClInclude Include="Engine\Sources\OldEngineCode\Development\CReadWriteFile.h">
      <Filter>Engine\Sources\Development\Headers</Filter>
    </ClInclude>
    <ClInclude Include="Engine\EngineThirdParty\RapidJson\Headers\JsonManager.h" />
    <ClInclude Include="Engine\EngineThirdParty\RapidJson\Headers\JsonObject.h" />
    <ClInclude Include="Engine\Sources\EngineCore\Core\Base\RTTI\RTTIManager.h" />
    <ClInclude Include="Engine\ThirdParty\imgui\imconfig.h" />
    <ClInclude Include="Engine\ThirdParty\imgui\imgui.h" />
    <ClInclude Include="Engine\ThirdParty\imgui\imgui_internal.h" />
    <ClInclude Include="Engine\ThirdParty\imgui\imstb_rectpack.h" />
    <ClInclude Include="Engine\ThirdParty\imgui\imstb_textedit.h" />
    <ClInclude Include="Engine\ThirdParty\imgui\imstb_truetype.h" />
    <ClInclude Include="Engine\Sources\OldEngineCode\EngineRender\RenderFeatures\CDynamicWind.h" />
    <ClInclude Include="Engine\Sources\OldEngineCode\EngineGame\CSkeletonComponent.h" />
    <ClInclude Include="Engine\Sources\OldEngineCode\Development\CSceneSkeletonMeshObject.h" />
    <ClInclude Include="Engine\Sources\OldEngineCode\EngineGame\CSkeletonAnimationComponent.h" />
    <ClInclude Include="Engine\Sources\OldEngineCode\EngineGame\CMeshComponent.h" />
    <ClInclude Include="Engine\Sources\OldEngineCode\EngineRender\AssetsManager\CSkeletonAnimationManager.h" />
    <ClInclude Include="Engine\Sources\OldEngineCode\Development\CFuxkingWhySkeletonAnimation.h" />
    <ClInclude Include="Engine\Sources\OldEngineCode\Development\CBezierGrass.h" />
    <ClInclude Include="Engine\Sources\EngineCore\Core\Base\DataStructure\BaseType.h" />
    <ClInclude Include="Engine\Sources\EngineCore\Main\MainManager.h" />
    <ClInclude Include="Engine\Sources\EngineCore\HID\Input\Input.h" />
    <ClInclude Include="Engine\Sources\EngineCore\Core\Base\Math\Math.h" />
    <ClInclude Include="Engine\Sources\EngineCore\Core\Base\DataStructure\ObjectBase.h" />
    <ClInclude Include="Engine\Sources\Asset\BaseAsset.h" />
    <ClInclude Include="Engine\Sources\Development\Alert\DevelopmentDefines.h" />
    <ClInclude Include="Engine\Sources\Asset\ShaderAsset\ShaderAsset.h" />
    <ClInclude Include="Engine\Sources\EngineCore\Core\Config\ErrorCaption.h" />
    <ClInclude Include="Engine\Sources\EngineCore\IO\FileHelper.h" />
    <ClInclude Include="Engine\Sources\EngineCore\Core\Base\TemplateHeaders.h" />
    <ClInclude Include="Engine\Sources\Development\Config\EngineDebugName.h" />
    <ClInclude Include="Engine\Sources\EngineCore\Core\Base\DataStructure\Container\Array.h" />
    <ClInclude Include="Engine\Sources\EngineCore\Core\CoreMinimal.h" />
    <ClInclude Include="Engine\Sources\EngineCore\Core\Base\DataStructure\BuiltInType.h" />
    <ClInclude Include="Engine\Sources\EngineCore\Core\Base\DataStructure\Transform.h" />
    <ClInclude Include="Engine\Sources\EngineCore\Core\PigeonBase\Object\Component\ActorComponent.h" />
    <ClInclude Include="Engine\Sources\EngineCore\Core\PigeonBase\Object\Component\Component.h" />
    <ClInclude Include="Engine\Sources\EngineCore\Core\PigeonBase\Object\Component\SceneComponent.h" />
    <ClInclude Include="Engine\Sources\EngineCore\Core\PigeonBase\Object\Actor.h" />
    <ClInclude Include="Engine\Sources\EngineCore\Core\PigeonBase\Object\GameActor.h" />
    <ClInclude Include="Engine\Sources\EngineCore\Core\PigeonBase\Object\Object.h" />
    <ClInclude Include="Engine\Sources\EngineCore\Core\Config\EngineConfig.h" />
    <ClInclude Include="Engine\Sources\EngineCore\Core\PigeonBase\Object\Component\CameraComponent.h" />
    <ClInclude Include="Engine\Sources\EngineCore\RenderCore\RenderConfig\RenderConfig.h" />
    <ClInclude Include="Engine\Sources\EngineCore\Core\Base\DataStructure\Container\Set.h" />
    <ClInclude Include="Engine\Sources\EngineCore\Core\EngineCommon.h" />
    <ClInclude Include="Engine\Sources\EngineCore\Core\Base\DataStructure\Container\Map.h" />
    <ClInclude Include="Engine\Sources\EngineCore\Core\Base\DataStructure\Container\HashMap.h" />
    <ClInclude Include="Engine\Sources\Asset\MeshAsset\MeshAsset.h" />
    <ClInclude Include="Engine\Sources\EngineCore\Core\Base\DataStructure\Pointer\SharedPtr.h" />
    <ClInclude Include="Engine\Sources\EngineCore\Core\Base\DataStructure\Text\String.h" />
    <ClInclude Include="Engine\Sources\EngineCore\Core\PigeonBase\Object\World\Scene.h" />
    <ClInclude Include="Engine\Sources\EngineCore\Core\PigeonBase\Object\World\World.h" />
    <ClInclude Include="Engine\EngineThirdParty\JoltPhysics\Headers\JoltPhysics.h" />
    <ClInclude Include="Engine\EngineThirdParty\JoltPhysics\Headers\PhysicsManager.h" />
    <ClInclude Include="Engine\EngineThirdParty\JoltPhysics\Headers\Shapes.h" />
    <ClInclude Include="Engine\EngineThirdParty\JoltPhysics\Headers\JoltIncludes.h" />
    <ClInclude Include="Engine\Sources\Asset\SkeletonAsset\SkeletonAsset.h" />
    <ClInclude Include="Engine\Sources\EngineCore\Core\Base\DataStructure\Container\Octree.h" />
    <ClInclude Include="Engine\Sources\EngineCore\Core\PigeonBase\Object\Component\PrimitiveComponent.h" />
    <ClInclude Include="Engine\Sources\EngineCore\Core\PigeonBase\Object\World\Level.h" />
    <ClInclude Include="Engine\Sources\Asset\AnimationAsset\SkeletonAnimationAsset.h" />
    <ClInclude Include="Engine\EngineThirdParty\JoltPhysics\Headers\JoltPhysicsLayer.h" />
    <ClInclude Include="Engine\EngineThirdParty\JoltPhysics\Headers\JoltPhysicsListener.h" />
    <ClInclude Include="Engine\EngineThirdParty\JoltPhysics\Headers\PhysicsManagerInterface.h" />
    <ClInclude Include="Engine\EngineThirdParty\JoltPhysics\Headers\PhysicsUtility.h" />
    <ClInclude Include="Engine\Sources\EngineCore\RenderCore\Renderer\SceneRenderer.h" />
    <ClInclude Include="Engine\Sources\EngineCore\RenderCore\Renderer\RenderScene.h" />
    <ClInclude Include="Engine\Sources\Asset\TextureAsset\TextureAsset.h" />
    <ClInclude Include="Engine\Sources\EngineCore\RenderCore\RenderResource.h" />
    <ClInclude Include="Engine\Sources\EngineCore\Core\Base\RTTI\RTTIObject.h" />
    <ClInclude Include="Engine\Sources\EngineCore\Core\Base\RegisterBase.h" />
    <ClInclude Include="Engine\Sources\EngineCore\Core\Base\Delegate\Delegate.h" />
    <ClInclude Include="Engine\Sources\EngineCore\Core\Base\Delegate\Function.h" />
    <ClInclude Include="Engine\Sources\EngineCore\Core\PigeonBase\Object\Controller\Controller.h" />
    <ClInclude Include="Engine\Sources\Asset\AnimationAsset\AnimationAsset.h" />
  </ItemGroup>
  <ItemGroup>
    <ClCompile Include="Engine\Sources\EngineCore\Main\Main.cpp">
      <Filter>Entry</Filter>
    </ClCompile>
    <ClCompile Include="Engine\EngineThirdParty\imGUI\CppFiles\imGUIManager.cpp">
      <Filter>Engine\EngineThirdParty\CimGUI\CppFiles</Filter>
    </ClCompile>
    <ClCompile Include="Engine\Sources\OldEngineCode\Development\CDebugScreen.cpp">
      <Filter>Engine\Sources\Development\CppFiles</Filter>
    </ClCompile>
    <ClCompile Include="Engine\Sources\EngineCore\Core\Base\Timer\Timer.cpp">
      <Filter>Engine\Sources\EngineBase\CppFiles</Filter>
    </ClCompile>
    <ClCompile Include="Engine\Sources\OldEngineCode\EngineGame\CCamera.cpp">
      <Filter>Engine\Sources\EngineGame\CppFiles</Filter>
    </ClCompile>
    <ClCompile Include="Engine\Sources\OldEngineCode\EngineGame\CCube.cpp">
      <Filter>Engine\Sources\EngineGame\CppFiles</Filter>
    </ClCompile>
    <ClCompile Include="Engine\Sources\OldEngineCode\EngineGame\CLightType.cpp">
      <Filter>Engine\Sources\EngineGame\CppFiles</Filter>
    </ClCompile>
    <ClCompile Include="Engine\Sources\OldEngineCode\EngineGame\CPlane.cpp">
      <Filter>Engine\Sources\EngineGame\CppFiles</Filter>
    </ClCompile>
    <ClCompile Include="Engine\Sources\OldEngineCode\EngineGame\CPolygon2D.cpp">
      <Filter>Engine\Sources\EngineGame\CppFiles</Filter>
    </ClCompile>
    <ClCompile Include="Engine\Sources\OldEngineCode\EngineGame\CPolygon2DBase.cpp">
      <Filter>Engine\Sources\EngineGame\CppFiles</Filter>
    </ClCompile>
    <ClCompile Include="Engine\Sources\OldEngineCode\EngineGame\CScene.cpp">
      <Filter>Engine\Sources\EngineGame\CppFiles</Filter>
    </ClCompile>
    <ClCompile Include="Engine\Sources\OldEngineCode\EngineGame\CScreenPolygon2D.cpp">
      <Filter>Engine\Sources\EngineGame\CppFiles</Filter>
    </ClCompile>
    <ClCompile Include="Engine\Sources\OldEngineCode\EngineRender\AssetsManager\CMeshManager.cpp">
      <Filter>Engine\Sources\EngineRender\AssetsManager\CppFiles</Filter>
    </ClCompile>
    <ClCompile Include="Engine\Sources\OldEngineCode\EngineRender\AssetsManager\CShader.cpp">
      <Filter>Engine\Sources\EngineRender\AssetsManager\CppFiles</Filter>
    </ClCompile>
    <ClCompile Include="Engine\Sources\OldEngineCode\EngineRender\AssetsManager\CShaderManager.cpp">
      <Filter>Engine\Sources\EngineRender\AssetsManager\CppFiles</Filter>
    </ClCompile>
    <ClCompile Include="Engine\Sources\OldEngineCode\EngineRender\AssetsManager\CTextureManager.cpp">
      <Filter>Engine\Sources\EngineRender\AssetsManager\CppFiles</Filter>
    </ClCompile>
    <ClCompile Include="Engine\Sources\OldEngineCode\EngineRender\RenderBase\CMeshRendererComponent.cpp">
      <Filter>Engine\Sources\EngineRender\RenderBase\CppFiles</Filter>
    </ClCompile>
    <ClCompile Include="Engine\Sources\EngineCore\RenderCore\RenderDevice\DeviceD3D11.cpp">
      <Filter>Engine\Sources\EngineRender\RenderBase\CppFiles</Filter>
    </ClCompile>
    <ClCompile Include="Engine\Sources\OldEngineCode\EngineRender\RenderFeatures\CGTAOPass.cpp">
      <Filter>Engine\Sources\EngineRender\RenderFeatures\CppFiles</Filter>
    </ClCompile>
    <ClCompile Include="Engine\Sources\OldEngineCode\EngineRender\RenderFeatures\CHZBPass.cpp">
      <Filter>Engine\Sources\EngineRender\RenderFeatures\CppFiles</Filter>
    </ClCompile>
    <ClCompile Include="Engine\Sources\OldEngineCode\EngineRender\RenderBase\CRenderPipeline.cpp">
      <Filter>Engine\Sources\EngineRender\RenderBase\CppFiles</Filter>
    </ClCompile>
    <ClCompile Include="Engine\Sources\OldEngineCode\EngineRender\RenderBase\CGPUQueryManager.cpp">
      <Filter>Engine\Sources\EngineRender\RenderBase\CppFiles</Filter>
    </ClCompile>
    <ClCompile Include="Engine\Sources\OldEngineCode\EngineRender\RenderBase\CGPUQuery.cpp">
      <Filter>Engine\Sources\EngineRender\RenderBase\CppFiles</Filter>
    </ClCompile>
    <ClCompile Include="Engine\Sources\OldEngineCode\Development\CGPUProfiler.cpp">
      <Filter>Engine\Sources\Development\CppFiles</Filter>
    </ClCompile>
    <ClCompile Include="Engine\Sources\OldEngineCode\EngineRender\RenderBase\CGPUCulling.cpp">
      <Filter>Engine\Sources\EngineRender\RenderBase\CppFiles</Filter>
    </ClCompile>
    <ClCompile Include="Engine\Sources\EngineCore\HID\Input\Mouse.cpp">
      <Filter>Engine\Sources\EngineBase\CppFiles</Filter>
    </ClCompile>
    <ClCompile Include="Engine\Sources\EngineCore\HID\Input\Keyboard.cpp">
      <Filter>Engine\Sources\EngineBase\CppFiles</Filter>
    </ClCompile>
    <ClCompile Include="Engine\Sources\OldEngineCode\EngineGame\CSkyBox.cpp">
      <Filter>Engine\Sources\EngineGame\CppFiles</Filter>
    </ClCompile>
    <ClCompile Include="Engine\Sources\OldEngineCode\EngineRender\AssetsManager\CTextureType.cpp">
      <Filter>Engine\Sources\EngineRender\AssetsManager\CppFiles</Filter>
    </ClCompile>
    <ClCompile Include="Engine\Sources\OldEngineCode\EngineGame\CGameObject.cpp">
      <Filter>Engine\Sources\EngineGame\CppFiles</Filter>
    </ClCompile>
    <ClCompile Include="Engine\Sources\OldEngineCode\EngineGame\CComponent.cpp">
      <Filter>Engine\Sources\EngineGame\CppFiles</Filter>
    </ClCompile>
    <ClCompile Include="Engine\Sources\OldEngineCode\Development\CSceneGameObject.cpp">
      <Filter>Engine\Sources\Development\CppFiles</Filter>
    </ClCompile>
    <ClCompile Include="Engine\Sources\OldEngineCode\EngineRender\RenderFeatures\CPostProcessBase.cpp">
      <Filter>Engine\Sources\EngineRender\RenderFeatures\CppFiles</Filter>
    </ClCompile>
    <ClCompile Include="Engine\Sources\OldEngineCode\EngineRender\RenderBase\CMaterialBase.cpp">
      <Filter>Engine\Sources\EngineRender\RenderBase\CppFiles</Filter>
    </ClCompile>
    <ClCompile Include="Engine\Sources\OldEngineCode\EngineRender\RenderMaterials\CClothMaterial.cpp">
      <Filter>Engine\Sources\EngineRender\RenderMaterials\CppFiles</Filter>
    </ClCompile>
    <ClCompile Include="Engine\Sources\OldEngineCode\EngineRender\RenderMaterials\CDefaultLitMaterial.cpp">
      <Filter>Engine\Sources\EngineRender\RenderMaterials\CppFiles</Filter>
    </ClCompile>
    <ClCompile Include="Engine\Sources\OldEngineCode\EngineRender\RenderMaterials\CScreenPolygon2DMaterial.cpp">
      <Filter>Engine\Sources\EngineRender\RenderMaterials\CppFiles</Filter>
    </ClCompile>
    <ClCompile Include="Engine\Sources\OldEngineCode\EngineRender\RenderMaterials\CClearCoatMaterial.cpp">
      <Filter>Engine\Sources\EngineRender\RenderMaterials\CppFiles</Filter>
    </ClCompile>
    <ClCompile Include="Engine\EngineThirdParty\assimp\CppFiles\assimpManager.cpp">
      <Filter>Engine\EngineThirdParty\Cassimp\CppFiles</Filter>
    </ClCompile>
    <ClCompile Include="Engine\Sources\OldEngineCode\EngineGame\CGameBoundComponent.cpp">
      <Filter>Engine\Sources\EngineGame\CppFiles</Filter>
    </ClCompile>
    <ClCompile Include="Engine\Sources\OldEngineCode\Development\CReadWriteFile.cpp">
      <Filter>Engine\Sources\Development\CppFiles</Filter>
    </ClCompile>
    <ClCompile Include="Engine\EngineThirdParty\RapidJson\CppFiles\JsonManager.cpp" />
    <ClCompile Include="Engine\EngineThirdParty\RapidJson\CppFiles\JsonObject.cpp" />
    <ClCompile Include="Engine\ThirdParty\imgui\imgui.cpp" />
    <ClCompile Include="Engine\ThirdParty\imgui\imgui_demo.cpp" />
    <ClCompile Include="Engine\ThirdParty\imgui\imgui_draw.cpp" />
    <ClCompile Include="Engine\ThirdParty\imgui\imgui_tables.cpp" />
    <ClCompile Include="Engine\ThirdParty\imgui\imgui_widgets.cpp" />
    <ClCompile Include="Engine\Sources\OldEngineCode\EngineRender\RenderFeatures\CDynamicWind.cpp" />
    <ClCompile Include="Engine\Sources\OldEngineCode\EngineGame\CSkeletonComponent.cpp" />
    <ClCompile Include="Engine\Sources\OldEngineCode\Development\CSceneSkeletonMeshObject.cpp" />
    <ClCompile Include="Engine\Sources\OldEngineCode\EngineGame\CSkeletonAnimationComponent.cpp" />
    <ClCompile Include="Engine\Sources\OldEngineCode\EngineRender\AssetsManager\CSkeletonAnimationManager.cpp" />
    <ClCompile Include="Engine\Sources\OldEngineCode\Development\CFuxkingWhySkeletonAnimation.cpp" />
    <ClCompile Include="Engine\Sources\OldEngineCode\Development\CBezierGrass.cpp" />
    <ClCompile Include="Engine\Sources\EngineCore\Main\MainManager.cpp" />
    <ClCompile Include="Engine\Sources\EngineCore\HID\Input\Input.cpp" />
    <ClCompile Include="Engine\Sources\EngineCore\Core\Base\Math\Math.cpp" />
    <ClCompile Include="Engine\Sources\EngineCore\Core\Base\DataStructure\ObjectBase.cpp" />
    <ClCompile Include="Engine\Sources\Development\Alert\DevelopmentDefines.cpp" />
    <ClCompile Include="Engine\Sources\Asset\ShaderAsset\ShaderAsset.cpp" />
    <ClCompile Include="Engine\Sources\EngineCore\IO\FileHelper.cpp" />
    <ClCompile Include="Engine\Sources\EngineCore\Core\Base\DataStructure\Container\Array.cpp" />
    <ClCompile Include="Engine\Sources\EngineCore\Core\Base\DataStructure\Transform.cpp" />
    <ClCompile Include="Engine\Sources\EngineCore\Core\PigeonBase\Object\Component\ActorComponent.cpp" />
    <ClCompile Include="Engine\Sources\EngineCore\Core\PigeonBase\Object\Component\Component.cpp" />
    <ClCompile Include="Engine\Sources\EngineCore\Core\PigeonBase\Object\Component\SceneComponent.cpp" />
    <ClCompile Include="Engine\Sources\EngineCore\Core\PigeonBase\Object\Actor.cpp" />
    <ClCompile Include="Engine\Sources\EngineCore\Core\PigeonBase\Object\GameActor.cpp" />
    <ClCompile Include="Engine\Sources\EngineCore\Core\PigeonBase\Object\Object.cpp" />
    <ClCompile Include="Engine\Sources\EngineCore\Core\PigeonBase\Object\Component\CameraComponent.cpp" />
    <ClCompile Include="Engine\Sources\EngineCore\Core\Base\DataStructure\Container\Set.cpp" />
    <ClCompile Include="Engine\Sources\EngineCore\Core\Base\DataStructure\Container\Map.cpp" />
    <ClCompile Include="Engine\Sources\EngineCore\Core\Base\DataStructure\Container\HashMap.cpp" />
    <ClCompile Include="Engine\Sources\Asset\MeshAsset\MeshAsset.cpp" />
    <ClCompile Include="Engine\Sources\EngineCore\Core\Base\DataStructure\Pointer\SharedPtr.cpp" />
    <ClCompile Include="Engine\Sources\EngineCore\Core\Base\DataStructure\Text\String.cpp" />
    <ClCompile Include="Engine\Sources\EngineCore\Core\PigeonBase\Object\World\Scene.cpp" />
    <ClCompile Include="Engine\Sources\EngineCore\Core\PigeonBase\Object\World\World.cpp" />
    <ClCompile Include="Engine\EngineThirdParty\JoltPhysics\CppFiles\JoltPhysics.cpp" />
    <ClCompile Include="Engine\EngineThirdParty\JoltPhysics\CppFiles\PhysicsManager.cpp" />
    <ClCompile Include="Engine\EngineThirdParty\JoltPhysics\CppFiles\Shapes.cpp" />
    <ClCompile Include="Engine\Sources\Asset\SkeletonAsset\SkeletonAsset.cpp" />
    <ClCompile Include="Engine\Sources\EngineCore\Core\Base\DataStructure\Container\Octree.cpp" />
    <ClCompile Include="Engine\Sources\EngineCore\Core\PigeonBase\Object\Component\PrimitiveComponent.cpp" />
    <ClCompile Include="Engine\Sources\EngineCore\Core\PigeonBase\Object\World\Level.cpp" />
    <ClCompile Include="Engine\Sources\EngineCore\Core\Base\DataStructure\BaseType.cpp" />
    <ClCompile Include="Engine\Sources\EngineCore\RenderCore\RenderConfig\RenderConfig.cpp" />
    <ClCompile Include="Engine\Sources\Asset\AnimationAsset\SkeletonAnimationAsset.cpp" />
    <ClCompile Include="Engine\Sources\EngineCore\RenderCore\Renderer\SceneRenderer.cpp" />
    <ClCompile Include="Engine\Sources\EngineCore\RenderCore\Renderer\RenderScene.cpp" />
    <ClCompile Include="Engine\Sources\Asset\TextureAsset\TextureAsset.cpp" />
    <ClCompile Include="Engine\Sources\EngineCore\RenderCore\RenderResource.cpp" />
    <ClCompile Include="Engine\Sources\EngineCore\Core\PigeonBase\Object\Controller\Controller.cpp" />
    <ClCompile Include="Engine\Sources\Asset\AnimationAsset\AnimationAsset.cpp" />
  </ItemGroup>
  <ItemGroup>
    <None Include="Engine\Sources\OldEngineCode\EngineRender\HLSLResources\Common\ShaderCommon.hlsl">
      <Filter>Engine\Sources\EngineRender\HLSLResources\Common</Filter>
    </None>
    <None Include="Engine\Sources\OldEngineCode\EngineRender\HLSLResources\Common\ShaderDefCommon.hlsl">
      <Filter>Engine\Sources\EngineRender\HLSLResources\Common</Filter>
    </None>
    <None Include="Engine\Sources\OldEngineCode\EngineRender\HLSLResources\Common\ShaderFastMath.hlsl">
      <Filter>Engine\Sources\EngineRender\HLSLResources\Common</Filter>
    </None>
    <None Include="Engine\Sources\OldEngineCode\EngineRender\HLSLResources\Common\ShaderFunctions.hlsl">
      <Filter>Engine\Sources\EngineRender\HLSLResources\Common</Filter>
    </None>
    <None Include="Engine\Sources\OldEngineCode\EngineRender\HLSLResources\Common\ShaderShadingFunctions.hlsl">
      <Filter>Engine\Sources\EngineRender\HLSLResources\Common</Filter>
    </None>
    <None Include="Engine\Sources\OldEngineCode\EngineRender\HLSLResources\Common\ShaderNoises.hlsl">
      <Filter>Engine\Sources\EngineRender\HLSLResources\Common</Filter>
    </None>
    <None Include="Engine\Sources\OldEngineCode\EngineRender\HLSLResources\Common\ShaderSpaceTransform.hlsl">
      <Filter>Engine\Sources\EngineRender\HLSLResources\Common</Filter>
    </None>
    <None Include="Engine\Sources\OldEngineCode\EngineRender\HLSLResources\Common\ShaderVariables.hlsl">
      <Filter>Engine\Sources\EngineRender\HLSLResources\Common</Filter>
    </None>
    <None Include="Engine\Sources\OldEngineCode\EngineRender\HLSLResources\RenderFeatures\HZBDownSampling\HZBDownSamplingFunctions.hlsl">
      <Filter>Engine\Sources\EngineRender\HLSLResources\RenderFeatures\HZBDownSampling</Filter>
    </None>
    <None Include="Engine\Sources\OldEngineCode\EngineRender\HLSLResources\Common\ShaderBxDF.hlsl">
      <Filter>Engine\Sources\EngineRender\HLSLResources\Common</Filter>
    </None>
    <None Include="Engine\Sources\OldEngineCode\EngineRender\HLSLResources\RenderFeatures\DynamicWind\DynamicWindCommon.hlsl" />
    <None Include="Engine\Sources\OldEngineCode\EngineRender\HLSLResources\Development\BezierGrassCommon.hlsl" />
    <None Include="Engine\Sources\OldEngineCode\EngineRender\HLSLResources\Development\BezierGrassPS.hlsl" />
    <None Include="Engine\Sources\OldEngineCode\EngineRender\HLSLResources\Development\BezierGrassVS.hlsl" />
    <None Include="Engine\Sources\OldEngineCode\EngineRender\HLSLResources\Development\TestBezierGrassDebugCS.hlsl" />
    <None Include="Engine\Sources\OldEngineCode\EngineRender\HLSLResources\Development\TestBezierGrassDebugScreenCS.hlsl" />
    <None Include="Engine\Sources\OldEngineCode\EngineRender\HLSLResources\Development\TestSkeletonMeshPS.hlsl" />
    <None Include="Engine\Sources\OldEngineCode\EngineRender\HLSLResources\Development\TestSkeletonMeshVS.hlsl" />
    <None Include="Engine\Sources\OldEngineCode\EngineRender\HLSLResources\MeshRenderer\EngineClothAnisotropicPS.hlsl">
      <Filter>Engine\Sources\EngineRender\HLSLResources\MeshRenderer</Filter>
    </None>
    <None Include="Engine\Sources\OldEngineCode\EngineRender\HLSLResources\MeshRenderer\EngineClothAnisotropicVS.hlsl">
      <Filter>Engine\Sources\EngineRender\HLSLResources\MeshRenderer</Filter>
    </None>
    <None Include="Engine\Sources\OldEngineCode\EngineRender\HLSLResources\MeshRenderer\EngineDefaultAnisotropicForwardPS.hlsl">
      <Filter>Engine\Sources\EngineRender\HLSLResources\MeshRenderer</Filter>
    </None>
    <None Include="Engine\Sources\OldEngineCode\EngineRender\HLSLResources\MeshRenderer\EngineDefaultAnisotropicForwardVS.hlsl">
      <Filter>Engine\Sources\EngineRender\HLSLResources\MeshRenderer</Filter>
    </None>
    <None Include="Engine\Sources\OldEngineCode\EngineRender\HLSLResources\MeshRenderer\EngineDefaultClearCoatForwardPS.hlsl">
      <Filter>Engine\Sources\EngineRender\HLSLResources\MeshRenderer</Filter>
    </None>
    <None Include="Engine\Sources\OldEngineCode\EngineRender\HLSLResources\MeshRenderer\EngineDefaultClearCoatForwardVS.hlsl">
      <Filter>Engine\Sources\EngineRender\HLSLResources\MeshRenderer</Filter>
    </None>
    <None Include="Engine\Sources\OldEngineCode\EngineRender\HLSLResources\MeshRenderer\EngineDefaultClothPS.hlsl">
      <Filter>Engine\Sources\EngineRender\HLSLResources\MeshRenderer</Filter>
    </None>
    <None Include="Engine\Sources\OldEngineCode\EngineRender\HLSLResources\MeshRenderer\EngineDefaultClothVS.hlsl">
      <Filter>Engine\Sources\EngineRender\HLSLResources\MeshRenderer</Filter>
    </None>
    <None Include="Engine\Sources\OldEngineCode\EngineRender\HLSLResources\MeshRenderer\EngineDefaultLitForwardPS.hlsl">
      <Filter>Engine\Sources\EngineRender\HLSLResources\MeshRenderer</Filter>
    </None>
    <None Include="Engine\Sources\OldEngineCode\EngineRender\HLSLResources\MeshRenderer\EngineDefaultLitForwardSkeletonMeshVS.hlsl" />
    <None Include="Engine\Sources\OldEngineCode\EngineRender\HLSLResources\MeshRenderer\EngineDefaultLitForwardVS.hlsl">
      <Filter>Engine\Sources\EngineRender\HLSLResources\MeshRenderer</Filter>
    </None>
    <None Include="Engine\Sources\OldEngineCode\EngineRender\HLSLResources\MeshRenderer\EngineDefaultTerrainPS.hlsl">
      <Filter>Engine\Sources\EngineRender\HLSLResources\MeshRenderer</Filter>
    </None>
    <None Include="Engine\Sources\OldEngineCode\EngineRender\HLSLResources\MeshRenderer\EngineDefaultTerrainVS.hlsl">
      <Filter>Engine\Sources\EngineRender\HLSLResources\MeshRenderer</Filter>
    </None>
    <None Include="Engine\Sources\OldEngineCode\EngineRender\HLSLResources\MeshRenderer\EngineDefaultVS.hlsl">
      <Filter>Engine\Sources\EngineRender\HLSLResources\MeshRenderer</Filter>
    </None>
    <None Include="Engine\Sources\OldEngineCode\EngineRender\HLSLResources\MeshRenderer\EngineEmptyPS.hlsl">
      <Filter>Engine\Sources\EngineRender\HLSLResources\MeshRenderer</Filter>
    </None>
    <None Include="Engine\Sources\OldEngineCode\EngineRender\HLSLResources\MeshRenderer\EngineScreenPolygon2DPS.hlsl">
      <Filter>Engine\Sources\EngineRender\HLSLResources\MeshRenderer</Filter>
    </None>
    <None Include="Engine\Sources\OldEngineCode\EngineRender\HLSLResources\MeshRenderer\EngineScreenPolygon2DVS.hlsl">
      <Filter>Engine\Sources\EngineRender\HLSLResources\MeshRenderer</Filter>
    </None>
    <None Include="Engine\Sources\OldEngineCode\EngineRender\HLSLResources\MeshRenderer\EngineSkyBoxPS.hlsl">
      <Filter>Engine\Sources\EngineRender\HLSLResources\MeshRenderer</Filter>
    </None>
    <None Include="Engine\Sources\OldEngineCode\EngineRender\HLSLResources\MeshRenderer\EngineSkyBoxVS.hlsl">
      <Filter>Engine\Sources\EngineRender\HLSLResources\MeshRenderer</Filter>
    </None>
    <None Include="Engine\Sources\OldEngineCode\EngineRender\HLSLResources\RenderFeatures\DynamicWind\DynamicWindAdvection.hlsl" />
    <None Include="Engine\Sources\OldEngineCode\EngineRender\HLSLResources\RenderFeatures\DynamicWind\DynamicWindCPUDebug.hlsl" />
    <None Include="Engine\Sources\OldEngineCode\EngineRender\HLSLResources\RenderFeatures\DynamicWind\DynamicWindDiffusion.hlsl" />
    <None Include="Engine\Sources\OldEngineCode\EngineRender\HLSLResources\RenderFeatures\GTAO\GTAODebugType.hlsl">
      <Filter>Engine\Sources\EngineRender\HLSLResources\RenderFeatures\GTAO</Filter>
    </None>
    <None Include="Engine\Sources\OldEngineCode\EngineRender\HLSLResources\RenderFeatures\GTAO\GTAOSpatialFilter.hlsl">
      <Filter>Engine\Sources\EngineRender\HLSLResources\RenderFeatures\GTAO</Filter>
    </None>
    <None Include="Engine\Sources\OldEngineCode\EngineRender\HLSLResources\RenderFeatures\GTAO\GTAOSpatialIntegral.hlsl">
      <Filter>Engine\Sources\EngineRender\HLSLResources\RenderFeatures\GTAO</Filter>
    </None>
    <None Include="Engine\Sources\OldEngineCode\EngineRender\HLSLResources\RenderFeatures\HZBDownSampling\BuildHZBComputeShader.hlsl">
      <Filter>Engine\Sources\EngineRender\HLSLResources\RenderFeatures\HZBDownSampling</Filter>
    </None>
    <None Include="Engine\Sources\OldEngineCode\EngineRender\HLSLResources\RenderFeatures\HZBDownSampling\RawDownSamplingComputeShader.hlsl">
      <Filter>Engine\Sources\EngineRender\HLSLResources\RenderFeatures\HZBDownSampling</Filter>
    </None>
    <None Include="Engine\Sources\OldEngineCode\EngineRender\HLSLResources\RenderFeatures\PostProcess\ColorGrading.hlsl">
      <Filter>Engine\Sources\EngineRender\HLSLResources\RenderFeatures\PostProcess</Filter>
    </None>
    <None Include="Engine\Sources\OldEngineCode\EngineRender\HLSLResources\RenderPipeline\EngineDirectLightPS.hlsl">
      <Filter>Engine\Sources\EngineRender\HLSLResources\RenderPipeline</Filter>
    </None>
    <None Include="Engine\Sources\OldEngineCode\EngineRender\HLSLResources\RenderPipeline\EngineGBufferWritePS.hlsl">
      <Filter>Engine\Sources\EngineRender\HLSLResources\RenderPipeline</Filter>
    </None>
    <None Include="Engine\Sources\OldEngineCode\EngineRender\HLSLResources\RenderPipeline\EngineGPUCulling.hlsl">
      <Filter>Engine\Sources\EngineRender\HLSLResources\RenderPipeline</Filter>
    </None>
  </ItemGroup>
  <ItemGroup>
    <FxCompile Include="Engine\EngineThirdParty\imGUI\HLSLResources\imGUIVS.hlsl">
      <Filter>Engine\EngineThirdParty\CimGUI\HLSLResources</Filter>
    </FxCompile>
    <FxCompile Include="Engine\EngineThirdParty\imGUI\HLSLResources\imGUIPS.hlsl">
      <Filter>Engine\EngineThirdParty\CimGUI\HLSLResources</Filter>
    </FxCompile>
  </ItemGroup>
</Project>